GIT
  remote: https://github.com/chef/chef-zero.git
  revision: b174ed09388129f36f508e806d7fbe39841ea828
  branch: main
  specs:
    chef-zero (15.0.27)
      ffi-yajl (>= 2.2, < 4.0)
      hashie (>= 2.0, < 6.0)
      mixlib-log (>= 2.0, < 4.0)
      rack (~> 3.1, >= 3.1.16)
      rackup (~> 2.2, >= 2.2.1)
      unf_ext (~> 0.0.8)
      uuidtools (~> 2.1)
      webrick

GIT
  remote: https://github.com/chef/rest-client.git
  revision: 4725c8b5ae09b3f6b968831beae27503f1261ea9
  branch: jfm/ucrt_update1
  specs:
    rest-client (2.1.0)
      base64
      ffi (>= 1.15.5, < 1.18.0)
      http-accept (~> 2.1.0)
      http-cookie (>= 1.0.2, < 2.0)
      mime-types (>= 1.16, < 4.0)
      netrc (~> 0.8)

PATH
  remote: .
  specs:
    oc-chef-pedant (2.2.0)
      addressable
      chef-utils (>= 16.17.51)
      erubis (~> 2.7)
      mixlib-authentication (> 1.4, < 4.0)
      mixlib-config (>= 2, < 4)
      mixlib-shellout (>= 1.1)
      net-http-spy (~> 0.2)
      rest-client (>= 1.6)
      rspec (~> 3.2)
      rspec-rerun (~> 1.0)
      rspec_junit_formatter (~> 0.2)
      uuidtools (~> 2.0)

GEM
  remote: https://rubygems.org/
  specs:
    addressable (2.8.7)
      public_suffix (>= 2.0.2, < 7.0)
    base64 (0.3.0)
    binding_of_caller (1.0.1)
      debug_inspector (>= 1.2.0)
    byebug (12.0.0)
    chef-utils (18.8.54)
      concurrent-ruby
    coderay (1.1.3)
    concurrent-ruby (1.3.5)
    debug_inspector (1.2.0)
    diff-lcs (1.6.2)
    domain_name (0.6.20240107)
    erubis (2.7.0)
    ffi (1.17.2-arm64-darwin)
    ffi (1.17.2-x64-mingw-ucrt)
    ffi-win32-extensions (1.0.4)
      ffi
    ffi-yajl (3.0.0)
      libyajl2 (>= 1.2)
    hashie (5.0.0)
    http-accept (2.1.1)
    http-cookie (1.1.0)
      domain_name (~> 0.5)
    libyajl2 (2.1.0)
    logger (1.7.0)
    method_source (1.1.0)
    mime-types (3.7.0)
      logger
      mime-types-data (~> 3.2025, >= 3.2025.0507)
    mime-types-data (3.2025.0924)
    mixlib-authentication (3.0.10)
    mixlib-config (3.0.27)
      tomlrb
    mixlib-log (3.2.3)
      ffi (>= 1.15.5)
    mixlib-shellout (3.3.9)
      chef-utils
    mixlib-shellout (3.3.9-x64-mingw-ucrt)
      chef-utils
      ffi-win32-extensions (~> 1.0.3)
      win32-process (~> 0.9)
      wmi-lite (~> 1.0)
    net-http-spy (0.2.1)
    netrc (0.11.0)
    pry (0.15.2)
      coderay (~> 1.1)
      method_source (~> 1.0)
    pry-byebug (3.11.0)
      byebug (~> 12.0)
      pry (>= 0.13, < 0.16)
    pry-stack_explorer (0.6.1)
      binding_of_caller (~> 1.0)
      pry (~> 0.13)
    public_suffix (6.0.2)
    rack (3.2.4)
    rackup (2.2.1)
      rack (>= 3)
    rake (13.3.1)
    rspec (3.13.2)
      rspec-core (~> 3.13.0)
      rspec-expectations (~> 3.13.0)
      rspec-mocks (~> 3.13.0)
    rspec-core (3.13.6)
      rspec-support (~> 3.13.0)
    rspec-expectations (3.13.5)
      diff-lcs (>= 1.2.0, < 2.0)
      rspec-support (~> 3.13.0)
    rspec-mocks (3.13.7)
      diff-lcs (>= 1.2.0, < 2.0)
      rspec-support (~> 3.13.0)
    rspec-rerun (1.1.0)
      rspec (~> 3.0)
    rspec-support (3.13.6)
    rspec_junit_formatter (0.6.0)
      rspec-core (>= 2, < 4, != 2.12.0)
    tomlrb (2.0.3)
    unf_ext (0.0.9.1)
    uuidtools (2.2.0)
    webrick (1.9.1)
    win32-process (0.10.0)
      ffi (>= 1.0.0)
    wmi-lite (1.0.7)

PLATFORMS
  arm64-darwin-23
  x64-mingw-ucrt

DEPENDENCIES
  chef-zero!
  oc-chef-pedant!
  pry
  pry-byebug
  pry-stack_explorer
  rake
  rest-client!

BUNDLED WITH
   2.5.23
