GIT
  remote: git://github.com/chef/chef.git
  revision: 44d70ba0f1b38bc3e1170ae978ad5e9a11679df3
  branch: master
  specs:
    chef (12.4.0.dev.0)
      chef-zero (~> 4.1)
      diff-lcs (~> 1.2, >= 1.2.4)
      erubis (~> 2.7)
      ffi-yajl (>= 1.2, < 3.0)
      highline (~> 1.6, >= 1.6.9)
      mixlib-authentication (~> 1.3)
      mixlib-cli (~> 1.4)
      mixlib-config (~> 2.0)
      mixlib-log (~> 1.3)
      mixlib-shellout (>= 2.0.0.rc.0, < 3.0)
      net-ssh (~> 2.6)
      net-ssh-multi (~> 1.1)
      ohai (~> 8.0)
      plist (~> 3.1.0)
      pry (~> 0.9)
      rspec-core (~> 3.2)
      rspec-expectations (~> 3.2)
      rspec-mocks (~> 3.2)
      rspec_junit_formatter (~> 0.2.0)
      serverspec (~> 2.7)
      specinfra (~> 2.10)

GIT
  remote: git://github.com/chef/chef_backup.git
  revision: a17e010cbb86ec71a2f9d86efd96b88b0b334222
  branch: master
  specs:
    chef_backup (0.0.1.dev.4)
      chef
      di-ruby-lvm
      highline
      mixlib-shellout

GIT
  remote: git://github.com/chef/omnibus-ctl.git
  revision: a0ccf08af008c5fd248a5dcc5af9ff1c48f2a1a9
  branch: master
  specs:
    omnibus-ctl (0.5.0)

PATH
  remote: ../veil
  specs:
    veil (0.1.0)
      bcrypt
      pbkdf2

GEM
  remote: https://rubygems.org/
  specs:
    bcrypt (3.1.11)
    builder (3.2.2)
    chef-zero (4.7.0)
      ffi-yajl (~> 2.2)
      hashie (>= 2.0, < 4.0)
      mixlib-log (~> 1.3)
      rack (< 2)
      uuidtools (~> 2.1)
    coderay (1.1.0)
    di-ruby-lvm (0.1.3)
      di-ruby-lvm-attrib (~> 0.0.3)
      open4 (>= 0.9.6)
    di-ruby-lvm-attrib (0.0.21)
    diff-lcs (1.2.5)
    erubis (2.7.0)
    ffi (1.9.8)
    ffi-yajl (2.2.3)
      libyajl2 (~> 1.2)
    hashie (3.4.4)
    highline (1.7.2)
    ipaddress (0.8.0)
    libyajl2 (1.2.0)
    method_source (0.8.2)
    mime-types (2.4.3)
    mixlib-authentication (1.3.0)
      mixlib-log
    mixlib-cli (1.5.0)
    mixlib-config (2.1.0)
    mixlib-log (1.6.0)
    mixlib-shellout (2.0.1)
    multi_json (1.11.0)
    net-scp (1.2.1)
      net-ssh (>= 2.6.5)
    net-ssh (2.9.2)
    net-ssh-gateway (1.2.0)
      net-ssh (>= 2.6.5)
    net-ssh-multi (1.2.1)
      net-ssh (>= 2.6.5)
      net-ssh-gateway (>= 1.2.0)
    ohai (8.2.0)
      ffi (~> 1.9)
      ffi-yajl (>= 1.1, < 3.0)
      ipaddress
      mime-types (~> 2.0)
      mixlib-cli
      mixlib-config (~> 2.0)
      mixlib-log
      mixlib-shellout (~> 2.0)
      rake (~> 10.1)
      systemu (~> 2.6.4)
      wmi-lite (~> 1.0)
    open4 (1.3.4)
    pbkdf2 (0.1.0)
    plist (3.1.0)
    pry (0.10.1)
      coderay (~> 1.1.0)
      method_source (~> 0.8.1)
      slop (~> 3.4)
    rack (1.6.4)
    rake (10.4.2)
    rspec (3.2.0)
      rspec-core (~> 3.2.0)
      rspec-expectations (~> 3.2.0)
      rspec-mocks (~> 3.2.0)
    rspec-core (3.2.3)
      rspec-support (~> 3.2.0)
    rspec-expectations (3.2.1)
      diff-lcs (>= 1.2.0, < 2.0)
      rspec-support (~> 3.2.0)
    rspec-its (1.2.0)
      rspec-core (>= 3.0.0)
      rspec-expectations (>= 3.0.0)
    rspec-mocks (3.2.1)
      diff-lcs (>= 1.2.0, < 2.0)
      rspec-support (~> 3.2.0)
    rspec-support (3.2.2)
    rspec_junit_formatter (0.2.0)
      builder (< 4)
      rspec (>= 2, < 4)
      rspec-core (!= 2.12.0)
    serverspec (2.14.1)
      multi_json
      rspec (~> 3.0)
      rspec-its
      specinfra (~> 2.25)
    slop (3.6.0)
    specinfra (2.30.0)
      net-scp
      net-ssh
    systemu (2.6.5)
    uuidtools (2.1.5)
    wmi-lite (1.0.0)

PLATFORMS
  ruby

DEPENDENCIES
  chef!
  chef_backup!
  omnibus-ctl!
  rspec
  veil!

BUNDLED WITH
   1.12.5
