%% THIS FILE IS GENERATED. DO NOT EDIT IT MANUALLY %%

{require_otp_vsn,"R1[56]B.*"}.
{erl_dep_retries,10}.
{deps,[{goldrush,".*",
                 {git,"git://github.com/DeadZen/goldrush.git",
                      "879c69874a555b2c13498aa4a3da6f6bbbb6a031"}},
       {lager,".*",
              {git,"git://github.com/basho/lager",
                   "169cffd94759e99e2e8870b125861a91e3c1482a"}},
       {mochiweb,".*",
                 {git,"git://github.com/basho/mochiweb.git",
                      "ade2a9b29a11034eb550c1d79b4f991bf5ca05ba"}},
       {webmachine,".*",
                   {git,"git://github.com/basho/webmachine",
                        "7677c240f4a7ed020f4bab48278224966bb42311"}},
       {opscoderl_wm,".*",
                     {git,"git://github.com/opscode/opscoderl_wm.git",
                          "a236acddfd987df4ad9cc785640330fa89a51774"}},
       {erlsom,".*",
               {git,"git://github.com/opscode/erlsom.git",
                    "c5ca9fca1257f563d78b048e35ac60832ec80584"}},
       {iso8601,".*",
                {git,"git://github.com/opscode/erlang_iso8601.git",
                     "25675e1df8b2bade1fb539cd9a913d61b90468dd"}},
       {erlware_commons,".*",
                        {git,"git://github.com/erlware/erlware_commons.git",
                             "e7d175d0dbbcfc9b1b93f69cebfbc73c4b937905"}},
       {mixer,".*",
              {git,"git://github.com/opscode/mixer.git",
                   "58ded93d5c47675899d8e5e1589270f340ea66c5"}},
       {ibrowse,".*",
                {git,"git://github.com/opscode/ibrowse",
                     "8f3f6a3a30730b193cc340a8885a960586dc98de"}},
       {envy,".*",
             {git,"git://github.com/manderson26/envy.git",
                  "d62cb227b9000ee866c8bcc724ddf68d87621dea"}},
       {mini_s3,".*",
                {git,"git://github.com/opscode/mini_s3.git",
                     "1cf296868077caefa6791f4996145a369c49091b"}},
       {eper,".*",
             {git,"git://github.com/massemanet/eper.git",
                  "5d4c3e9c91bd96b67a92cbdac4601c43340e1d88"}},
       {rebar_lock_deps_plugin,".*",
                               {git,"git://github.com/seth/rebar_lock_deps_plugin.git",
                                    "2a8d2e803f8a110cac2f13e6f013b4d8e4b06c60"}}]}.
{erl_opts,[debug_info,warnings_as_errors]}.
{xref_checks,[exports_not_used,undefined_function_calls]}.
{plugins,[rebar_lock_deps_plugin]}.
{cover_enabled,true}.

