%% THIS FILE IS GENERATED. DO NOT EDIT IT MANUALLY %%

{sub_dirs,["rel","apps/bifrost"]}.
{erl_opts,[{debug_info}]}.
{deps,[{meck,".*",{git,"git://github.com/eproxus/meck.git",{branch,"master"}}},
       {edown,".*",
              {git,"git://github.com/seth/edown.git",
                   "30a9f7867d615af45783235faa52742d11a9348e"}},
       {ej,".*",
           {git,"git://github.com/seth/ej.git",
                "0332523799fdbab4b7c8e87074dcf57bb15005a6"}},
       {envy,".*",
             {git,"git://github.com/manderson26/envy.git",
                  "d62cb227b9000ee866c8bcc724ddf68d87621dea"}},
       {eper,".*",
             {git,"git://github.com/massemanet/eper.git",
                  "1bd0d0212a563c1249fb66e9acd5760be30ff438"}},
       {epgsql,".*",
               {git,"git://github.com/opscode/epgsql.git",
                    "6ceff57e8b32b6554728a082db52584f1f65bd7e"}},
       {goldrush,".*",
                 {git,"git://github.com/DeadZen/goldrush.git",
                      "879c69874a555b2c13498aa4a3da6f6bbbb6a031"}},
       {jiffy,".*",
              {git,"git://github.com/davisp/jiffy.git",
                   "3b6a1327d418f7594ecb23aa8d7874c3986f433e"}},
       {lager,".*",
              {git,"https://github.com/basho/lager.git",
                   "169cffd94759e99e2e8870b125861a91e3c1482a"}},
       {mixer,".*",
              {git,"git://github.com/opscode/mixer.git",
                   "58ded93d5c47675899d8e5e1589270f340ea66c5"}},
       {mochiweb,".*",
                 {git,"git://github.com/basho/mochiweb.git",
                      "5e6e3e688dc9987a97e261431256e29671555c0b"}},
       {pooler,".*",
               {git,"git://github.com/seth/pooler.git",
                    "37da392e5de1d8b9bfa277e2e13238b6610a1cd7"}},
       {rebar_lock_deps_plugin,".*",
                               {git,"git://github.com/seth/rebar_lock_deps_plugin.git",
                                    "758d1cf4cc79483e1fbaf2ea59ed9e9f76b4a012"}},
       {sqerl,".*",
              {git,"git://github.com/opscode/sqerl.git",
                   "3bd4944c3a391a517e03dceaff4f17f5f5f5f5a2"}},
       {stats_hero,".*",
                   {git,"git://github.com/opscode/stats_hero.git",
                        "e3e3e9b5ee7e82cda0774529cba5d00b47fb0aca"}},
       {webmachine,".*",
                   {git,"git://github.com/opscode/webmachine",
                        "6ce70393009446191af4771671712ffa0f1c83eb"}}]}.
{eunit_opts,[verbose,{report,{eunit_surefire,[{dir,"."}]}}]}.
{cover_enabled,true}.
{plugins,[rebar_lock_deps_plugin]}.

