{sub_dirs,["rel"]}.
{deps,[{meck,".*",{git,"git://github.com/eproxus/meck.git","HEAD"}},
       {amqp_client,".*",
                    {git,"git://github.com/seth/amqp_client.git",
                         {tag,"582b1055725664e21152a50d8eedeea418b93b83"}}},
       {automeck,".*",
                 {git,"git://github.com/opscode/automeck.git",
                      {tag,"24f18f3e4fd177d16dd3deb3d69e3b683570218e"}}},
       {bcrypt,".*",
               {git,"git://github.com/smarkets/erlang-bcrypt.git",
                    {tag,"f98feb6804c83dcb649c4826f204587097d40739"}}},
       {bear,".*",
             {git,"git://github.com/boundary/bear.git",
                  {tag,"b1882d7ee88e775d961a2678e4fafecef7f77705"}}},
       {chef_authn,".*",
                   {git,"git@github.com:opscode/chef_authn.git",
                        {tag,"44c3288649ecece19bd772e67731b080a0e33815"}}},
       {chef_authz,".*",
                   {git,"git@github.com:opscode/chef_authz.git",
                        {tag,"0d4e0864c572af8137d2794bb1e20013493f250e"}}},
       {chef_certgen,".*",
                     {git,"git://github.com/opscode/chef_certgen.git",
                          {tag,"05cd996e89220287e6a7b71f9ba296819a529678"}}},
       {chef_db,".*",
                {git,"git@github.com:opscode/chef_db.git",
                     {tag,"8efeb5677c918b0398165d0b53cb4a627d444eee"}}},
       {chef_index,".*",
                   {git,"git@github.com:opscode/chef_index.git",
                        {tag,"220e5ff35d72ff8c80208e723b51f321040eddce"}}},
       {chef_objects,".*",
                     {git,"git@github.com:opscode/chef_objects.git",
                          {tag,"38af1e030416de797956d92adfa4479c4e74f8a9"}}},
       {chef_wm,".*",
                {git,"git@github.com:opscode/chef_wm.git",
                     {tag,"1f423012515ed6d5fead61e8c2ad18f0f2da58dc"}}},
       {couchbeam,".*",
                  {git,"git://github.com/opscode/couchbeam.git",
                       {tag,"ef2099cc5cb3fcf60896ba737587f3bbd2eac2bf"}}},
       {darklaunch,".*",
                   {git,"git@github.com:opscode/opscode-darklaunch-erlang.git",
                        {tag,"0a977fb8033a832489220b7d6963d818190e5599"}}},
       {depsolver,".*",
                  {git,"git://github.com/opscode/depsolver.git",
                       {tag,"0f1c2ed6694c93793cce1d5bd63feed575bd62cd"}}},
       {ej,".*",
           {git,"git://github.com/seth/ej.git",
                {tag,"e827063dd57e8514047b1fbeb59393583fdc8196"}}},
       {ejson,".*",
              {git,"http://github.com/kevsmith/ejson.git",
                   {tag,"2a78a82f9fb240cac5a33ee4dc13702539463ad6"}}},
       {emysql,".*",
               {git,"https://github.com/Eonblast/Emysql.git",
                    {tag,"99f1616ee3ca6b18ee522b4fd626db9b3abec612"}}},
       {eper,".*",
             {git,"git://github.com/massemanet/eper.git",
                  {tag,"4532528ddb38637938c10f9dfcb2b4375b6db8a6"}}},
       {epgsql,".*",
               {git,"git://github.com/opscode/epgsql.git",
                    {tag,"f24cee4170395ba69e96e5e56c876d947394e471"}}},
       {erlware_commons,".*",
                        {git,"git@github.com:erlware/erlware_commons.git",
                             {tag,"25ef2f3496cd6b68934456b497e8645e70728214"}}},
       {fast_log,".*",
                 {git,"git@github.com:opscode/fast-log-erlang.git",
                      {tag,"0db6ec3238e012aad64956fbbb9d48bb457113a3"}}},
       {folsom,".*",
               {git,"git@github.com:boundary/folsom.git",
                    {tag,"cb7d7d3f5fa060cd64d25ce4ed8de02cd8c652a1"}}},
       {gen_bunny,".*",
                  {git,"git://github.com/seth/gen_bunny.git",
                       {tag,"9091b7791abb6580c2481e1898b53767a698a86a"}}},
       {gen_server2,".*",
                    {git,"http://github.com/mdaguete/gen_server2.git",
                         {tag,"992650004c81ee921183488cb8115de4777e7bd9"}}},
       {ibrowse,".*",
                {git,"git://github.com/cmullaparthi/ibrowse",
                     {tag,"302c824a8ade766bcb99f83015ba4ee96b9be156"}}},
       {jiffy,".*",
              {git,"git://github.com/davisp/jiffy.git",
                   {tag,"6f589d457673a3bbdf4329103fbe2b10b302ec87"}}},
       {mini_s3,".*",
                {git,"git://github.com/opscode/mini_s3.git",
                     {tag,"11252561d452fb5e1984efd1794c200bf837c1b3"}}},
       {mixer,".*",
              {git,"git@github.com:opscode/mixer.git",
                   {tag,"bb5ae94cd645f4d9ec291e6bb8a114caad145483"}}},
       {mochiweb,".*",
                 {git,"git://github.com/basho/mochiweb",
                      {tag,"bed36252198ae7159e3d2b3a9ca9a9bb9817e1de"}}},
       {neotoma,".*",
                {git,"https://github.com/seancribbs/neotoma.git",
                     {tag,"adb132b62de7ac65652d1401e2d86746f22107bf"}}},
       {oauth,".*",
              {git,"git@github.com:opscode/erlang-oauth.git",
                   {tag,"2b796ea7973c0f38aad569bf2506bd8026eca004"}}},
       {oc_chef_wm,".*",
                   {git,"git@github.com:opscode/oc_chef_wm.git",
                        {tag,"d46fd2e7ea14936e4b4c6f93cb16034b1d6732c7"}}},
       {pooler,".*",
               {git,"git://github.com/seth/pooler.git",
                    {tag,"f7829d7b894d739e840896fbf8f31f5a53b2eebb"}}},
       {proper,".*",
               {git,"https://github.com/manopapad/proper.git",
                    {tag,"8f09ee5252f595f32f9a8fd45b8e530b1a3fdfeb"}}},
       {rabbit_common,".*",
                      {git,"git://github.com/seth/rabbit_common.git",
                           {tag,"ec370fc00b76a1c8ee7004f96e825d5662d97ac1"}}},
       {sqerl,".*",
              {git,"git://github.com/opscode/sqerl.git",
                   {tag,"fdc1e1bc534a16e69cd6c812d241056cf4e632e9"}}},
       {stats_hero,".*",
                   {git,"git@github.com:opscode/stats_hero.git",
                        {tag,"f69a5c4eee7ecbcfe26ff3a154eb650b061c4bf9"}}},
       {webmachine,".*",
                   {git,"git://github.com/basho/webmachine",
                        {tag,"0fffe21beb1bec3f87510cfad389d844782d457e"}}}]}.
{cover_enabled,true}.
{erl_opts,[{d,'OC_CHEF'},
           {d,'BASE_RESOURCE',oc_chef_wm_base},
           {d,'BASE_ROUTES',oc_chef_wm_routes},
           {d,'CHEF_DB_DARKLAUNCH',darklaunch},
           {d,'CHEF_WM_DARKLAUNCH',darklaunch}]}.

