DEPENDENCIES
  omnibus (~> 6.0)
  yum-centos
  zip

GRAPH
  ark (6.0.2)
    seven_zip (>= 3.1)
  chef-ingredient (3.3.0)
  chef-sugar (5.1.12)
  git (11.0.0)
    ark (>= 0.0.0)
  homebrew (5.2.1)
  omnibus (6.0.0)
    chef-ingredient (>= 0.21.4)
    chef-sugar (>= 3.2.0)
    git (>= 0.0.0)
    homebrew (>= 0.0.0)
    remote_install (>= 0.0.0)
    seven_zip (>= 0.0.0)
    wix (>= 0.0.0)
  remote_install (2.1.3)
  seven_zip (4.2.1)
  wix (6.0.1)
  yum-centos (5.1.1)
  zip (1.1.0)
