DEPENDENCIES
  apt (~> 2.0)
  omnibus
  yum-centos (~> 2.3)
  yum-epel (~> 2.1)
  zip (~> 1.1.0)

GRAPH
  apt (2.9.2)
  build-essential (8.1.1)
    mingw (>= 1.1)
    seven_zip (>= 0.0.0)
  chef-ingredient (2.3.0)
  chef-sugar (4.0.0)
  compat_resource (12.19.1)
  git (9.0.0)
    build-essential (>= 5.0.0)
  homebrew (5.0.4)
  mingw (2.0.2)
    seven_zip (>= 0.0.0)
  omnibus (5.3.3)
    build-essential (>= 6.0.0)
    chef-ingredient (>= 0.21.4)
    chef-sugar (>= 3.2.0)
    git (>= 0.0.0)
    homebrew (>= 0.0.0)
    remote_install (>= 0.0.0)
    seven_zip (>= 0.0.0)
    windows (>= 0.0.0)
    windows-sdk (>= 0.0.0)
    wix (>= 0.0.0)
  remote_install (2.0.0)
  seven_zip (2.0.2)
    windows (>= 1.2.2)
  windows (4.1.1)
  windows-sdk (1.1.0)
  wix (4.0.0)
    windows (>= 2.0)
  yum-centos (2.3.0)
    compat_resource (>= 12.16.3)
  yum-epel (2.1.2)
    compat_resource (>= 12.16.3)
  zip (1.1.0)
