DEPENDENCIES
  apt (~> 2.0)
  omnibus
  yum-epel (~> 0.6)
  zip (~> 1.1.0)

GRAPH
  apt (2.9.2)
  build-essential (8.0.3)
    mingw (>= 1.1)
    seven_zip (>= 0.0.0)
  chef-ingredient (2.1.2)
  chef-sugar (3.4.0)
  dmg (4.0.0)
  git (6.1.0)
    build-essential (>= 0.0.0)
    dmg (>= 0.0.0)
    yum-epel (>= 0.0.0)
  homebrew (4.2.0)
  mingw (2.0.1)
    seven_zip (>= 0.0.0)
  ohai (5.1.0)
  omnibus (5.2.0)
    build-essential (>= 6.0.0)
    chef-ingredient (>= 0.21.4)
    chef-sugar (>= 3.2.0)
    git (>= 0.0.0)
    homebrew (>= 0.0.0)
    remote_install (>= 0.0.0)
    seven_zip (>= 0.0.0)
    windows (>= 0.0.0)
    windows-sdk (>= 0.0.0)
    wix (>= 0.0.0)
  remote_install (1.0.2)
  seven_zip (2.0.2)
    windows (>= 1.2.2)
  windows (3.1.1)
    ohai (>= 4.0.0)
  windows-sdk (1.0.2)
  wix (3.2.0)
    windows (>= 2.0)
  yum (5.0.1)
  yum-epel (0.7.1)
    yum (>= 3.6.3)
  zip (1.1.0)
