{"1.1.0",
[{<<"amqp_client">>,
  {git,"git://github.com/seth/amqp_client.git",
       {ref,"7622ad8093a41b7288a1aa44dd16d3e92ce8f833"}},
  2},
 {<<"automeck">>,
  {git,"git://github.com/opscode/automeck.git",
       {ref,"363657b4dff5ef5561e77a7d44348abf11405d09"}},
  2},
 {<<"bcrypt">>,
  {git,"git://github.com/abhay/erlang-bcrypt.git",
       {ref,"f6ff677ac73872a3ce477fda5ab4143cfc3a5f91"}},
  0},
 {<<"bear">>,
  {git,"git://github.com/boundary/bear.git",
       {ref,"119234548783af19b8ec75c879c5062676b92571"}},
  1},
 {<<"cf">>,{pkg,<<"cf">>,<<"0.3.1">>},3},
 {<<"chef_authn">>,
  {git,"git://github.com/chef/chef_authn.git",
       {ref,"5d0577f693404898d6f05dbcbb38ffe2cc36c15d"}},
  0},
 {<<"chef_reindex">>,
  {git,"git://github.com/opscode/chef_reindex.git",
       {ref,"f09b447596f81616b86fe99188c39112b1cfd1dc"}},
  0},
 {<<"chef_secrets">>,
  {git,"git://github.com/chef/chef_secrets.git",
       {ref,"58373899212a23e4f37070aaa6d3a751b1281492"}},
  0},
 {<<"couchbeam">>,
  {git,"git://github.com/chef/couchbeam.git",
       {ref,"7b2238e8a25f8fdd9897e7caf19d7ecb94c2a36c"}},
  2},
 {<<"darklaunch">>,
  {git,"git://github.com/opscode/opscode-darklaunch-erlang.git",
       {ref,"7e2ace8ccfbd44b993e94aa41a126f0dfe1d52e1"}},
  2},
 {<<"decouch">>,
  {git,"https://github.com/chef/decouch",
       {ref,"152db1491fe5053bc123de3622d1649872c0ac47"}},
  1},
 {<<"edown">>,
  {git,"git://github.com/uwiger/edown.git",
       {ref,"754be25f71a04099c83f3ffdff268e70beeb0021"}},
  0},
 {<<"ej">>,
  {git,"git://github.com/chef/ej.git",
       {ref,"85bbf475ec533447d244be50f7f450f41cbc1adf"}},
  0},
 {<<"ejson">>,
  {git,"git://github.com/kevsmith/ejson.git",
       {ref,"2a78a82f9fb240cac5a33ee4dc13702539463ad6"}},
  2},
 {<<"envy">>,
  {git,"git://github.com/manderson26/envy.git",
       {ref,"0148fb4b7ed0e188511578e98b42d6e7dde0ebd1"}},
  1},
 {<<"eper">>,
  {git,"git://github.com/massemanet/eper.git",
       {ref,"17b0f97ea8287b72e8ebbe7132214db182ff1a1d"}},
  0},
 {<<"epgsql">>,
  {git,"git://github.com/chef/epgsql-1.git",
       {ref,"34b4182f0e21f9189ddd7b2e290f01a9e7d93bf1"}},
  0},
 {<<"eredis">>,
  {git,"git://github.com/wooga/eredis.git",
       {ref,"6845ed50e13f456ecd115bcf9de666a58a1529dc"}},
  0},
 {<<"erlware_commons">>,
  {git,"git://github.com/chef/erlware_commons.git",
       {ref,"20c611d8c457edfc84a915cf1026f22980a83e00"}},
  2},
 {<<"folsom">>,
  {git,"git://github.com/boundary/folsom.git",
       {ref,"38e2cce7c64ce1f0a3a918d90394cfc0a940b1ba"}},
  0},
 {<<"folsom_graphite">>,
  {git,"git://github.com/opscode/folsom_graphite.git",
       {ref,"0bf3d47e52178d8cf24ad9acdf5f37f4fb46a6b1"}},
  2},
 {<<"gen_bunny">>,
  {git,"git://github.com/seth/gen_bunny.git",
       {ref,"fe10af39cd4ad8de7a8d6a0d90f79ea73e788761"}},
  2},
 {<<"gen_server2">>,
  {git,"git://github.com/mdaguete/gen_server2.git",
       {ref,"992650004c81ee921183488cb8115de4777e7bd9"}},
  2},
 {<<"goldrush">>,{pkg,<<"goldrush">>,<<"0.1.9">>},1},
 {<<"ibrowse">>,
  {git,"git://github.com/chef/ibrowse.git",
       {ref,"7b2b0bfd5e15e57706beb2ef0360cdc7f24b37c5"}},
  0},
 {<<"jiffy">>,
  {git,"git://github.com/davisp/jiffy.git",
       {ref,"051a74338c089c39f09532188bc82cf1adedbdc8"}},
  0},
 {<<"lager">>,
  {git,"git://github.com/erlang-lager/lager.git",
       {ref,"f26a8ea0f4c2ed6506a54e0b9890edd8148b9500"}},
  0},
 {<<"meck">>,
  {git,"git://github.com/eproxus/meck.git",
       {ref,"9753464ac1ebc0fc1a6777322bc871eaed82be35"}},
  1},
 {<<"mini_s3">>,
  {git,"git://github.com/chef/mini_s3.git",
       {branch,"lbaker/presigned-headers"}},
  0},
 {<<"mixer">>,
  {git,"git://github.com/opscode/mixer.git",
       {ref,"58ded93d5c47675899d8e5e1589270f340ea66c5"}},
  2},
 {<<"mochiweb">>,
  {git,"git://github.com/basho/mochiweb.git",
       {ref,"ade2a9b29a11034eb550c1d79b4f991bf5ca05ba"}},
  2},
 {<<"moser">>,
  {git,"git://github.com/opscode/moser.git",
       {ref,"6f8d8176ad5ffd592997b22bf741f3c06ea92da4"}},
  0},
 {<<"oauth">>,
  {git,"git://github.com/opscode/erlang-oauth.git",
       {ref,"2b796ea7973c0f38aad569bf2506bd8026eca004"}},
  2},
 {<<"observer_cli">>,
  {git,"git://github.com/zhongwencool/observer_cli.git",
       {ref,"bcc0dfaa2013a436ce7e597731acab6577321b43"}},
  0},
 {<<"opscoderl_folsom">>,
  {git,"git://github.com/opscode/opscoderl_folsom.git",
       {ref,"d493429f895a904e9fd86d12a68f7075dfa8e227"}},
  2},
 {<<"opscoderl_httpc">>,
  {git,"git://github.com/chef/opscoderl_httpc.git",
       {ref,"bab889e9165b662c2c23ae3cd5449d6875e7507c"}},
  2},
 {<<"opscoderl_wm">>,
  {git,"git://github.com/chef/opscoderl_wm.git",
       {ref,"572d968f7f9f9f49fe155efa7e46dbfc78383ead"}},
  0},
 {<<"pooler">>,
  {git,"git://github.com/seth/pooler.git",
       {ref,"9c28fb479f9329e2a1644565a632bc222780f1b7"}},
  0},
 {<<"quickrand">>,
  {git,"git://github.com/okeuday/quickrand.git",
       {ref,"0395a10b94472ccbe38b62bbfa9d0fc1ddac1dd7"}},
  2},
 {<<"rabbit_common">>,
  {git,"git://github.com/seth/rabbit_common.git",
       {ref,"4388fe57cb63872f5fcf3a2670b4f05de657a64b"}},
  2},
 {<<"rebar_lock_deps_plugin">>,
  {git,"git://github.com/seth/rebar_lock_deps_plugin.git",
       {ref,"9711549b8a84b065eb2edc22f8eb6ff85e3c94e8"}},
  2},
 {<<"rebar_vsn_plugin">>,
  {git,"git://github.com/erlware/rebar_vsn_plugin.git",
       {ref,"fd40c960c7912193631d948fe962e1162a8d1334"}},
  2},
 {<<"recon">>,{pkg,<<"recon">>,<<"2.5.0">>},1},
 {<<"sqerl">>,
  {git,"git://github.com/chef/sqerl.git",
       {ref,"80800bf4304156783b0cf9e65f92e1a2367b79c3"}},
  0},
 {<<"stats_hero">>,
  {git,"git://github.com/chef/stats_hero.git",
       {ref,"0811d3045874f6c16b76c04ac9358322e029c4b7"}},
  0},
 {<<"uuid">>,
  {git,"git://github.com/okeuday/uuid.git",
       {ref,"f7c141c8359cd690faba0d2684b449a07db8e915"}},
  2},
 {<<"webmachine">>,
  {git,"git://github.com/chef/webmachine",
       {ref,"1389b01a9fbc25d36aad8956e08d2d0db242625f"}},
  1}]}.
[
{pkg_hash,[
 {<<"cf">>, <<"5CB902239476E141EA70A740340233782D363A31EEA8AD37049561542E6CD641">>},
 {<<"goldrush">>, <<"F06E5D5F1277DA5C413E84D5A2924174182FB108DABB39D5EC548B27424CD106">>},
 {<<"recon">>, <<"2F7FCBEC2C35034BADE2F9717F77059DC54EB4E929A3049CA7BA6775C0BD66CD">>}]}
].
