{"1.1.0",
[{<<"amqp_client">>,
  {git,"git://github.com/seth/amqp_client.git",
       {ref,"7622ad8093a41b7288a1aa44dd16d3e92ce8f833"}},
  2},
 {<<"automeck">>,
  {git,"git://github.com/opscode/automeck.git",
       {ref,"363657b4dff5ef5561e77a7d44348abf11405d09"}},
  2},
 {<<"bcrypt">>,
  {git,"https://github.com/opscode/erlang-bcrypt.git",
       {ref,"5cbe6becbe926739adebc67c6827ac2a2b9e7bbd"}},
  0},
 {<<"bear">>,
  {git,"git://github.com/boundary/bear.git",
       {ref,"3fd09d1b7bbd9de5b2d29f46df04a93fca9ce85e"}},
  1},
 {<<"chef_authn">>,
  {git,"https://github.com/chef/chef_authn.git",
       {ref,"31d17e8c022e293565919d958f853b23f091d18b"}},
  0},
 {<<"chef_reindex">>,
  {git,"https://github.com/opscode/chef_reindex.git",
       {ref,"f09b447596f81616b86fe99188c39112b1cfd1dc"}},
  0},
 {<<"chef_secrets">>,
  {git,"https://github.com/chef/chef_secrets",
       {ref,"58373899212a23e4f37070aaa6d3a751b1281492"}},
  0},
 {<<"couchbeam">>,
  {git,"git://github.com/opscode/couchbeam.git",
       {ref,"c7881f6247a92cd62a818fe9f637ff973a5f8923"}},
  2},
 {<<"darklaunch">>,
  {git,"git://github.com/opscode/opscode-darklaunch-erlang.git",
       {ref,"05881cb04e9393ab42b6fac3b22803130ef2701c"}},
  2},
 {<<"decouch">>,
  {git,"https://github.com/chef/decouch",
       {ref,"152db1491fe5053bc123de3622d1649872c0ac47"}},
  1},
 {<<"edown">>,
  {git,"https://github.com/uwiger/edown.git",
       {ref,"754be25f71a04099c83f3ffdff268e70beeb0021"}},
  0},
 {<<"ej">>,
  {git,"git://github.com/seth/ej.git",
       {ref,"40821f7ab3d8746e8573e8542ad452d2b346ed7f"}},
  0},
 {<<"ejson">>,
  {git,"git://github.com/kevsmith/ejson.git",
       {ref,"2a78a82f9fb240cac5a33ee4dc13702539463ad6"}},
  2},
 {<<"envy">>,
  {git,"git://github.com/manderson26/envy.git",
       {ref,"0148fb4b7ed0e188511578e98b42d6e7dde0ebd1"}},
  1},
 {<<"eper">>,
  {git,"https://github.com/massemanet/eper.git",
       {ref,"17b0f97ea8287b72e8ebbe7132214db182ff1a1d"}},
  0},
 {<<"epgsql">>,
  {git,"https://github.com/chef/epgsql-1.git",
       {ref,"d62690920cfb5ab7927f067a51cf38ffc469563a"}},
  0},
 {<<"eredis">>,
  {git,"https://github.com/wooga/eredis.git",
       {ref,"6a8253f1617e8865519e73f748ea28d57e195efc"}},
  0},
 {<<"erlware_commons">>,
  {git,"https://github.com/erlware/erlware_commons.git",
       {ref,"ef0d252b11c863f9c228af2fe93a4e42fba2f7f3"}},
  2},
 {<<"folsom">>,
  {git,"https://github.com/boundary/folsom.git",
       {ref,"154024e3c4f52b06a33bcb6b901bcf0917e80fc4"}},
  0},
 {<<"folsom_graphite">>,
  {git,"git://github.com/opscode/folsom_graphite.git",
       {ref,"0bf3d47e52178d8cf24ad9acdf5f37f4fb46a6b1"}},
  2},
 {<<"gen_bunny">>,
  {git,"git://github.com/seth/gen_bunny.git",
       {ref,"fe10af39cd4ad8de7a8d6a0d90f79ea73e788761"}},
  2},
 {<<"gen_server2">>,
  {git,"git://github.com/mdaguete/gen_server2.git",
       {ref,"992650004c81ee921183488cb8115de4777e7bd9"}},
  2},
 {<<"goldrush">>,
  {git,"https://github.com/basho/goldrush.git",
       {ref,"8f1b715d36b650ec1e1f5612c00e28af6ab0de82"}},
  1},
 {<<"ibrowse">>,
  {git,"https://github.com/opscode/ibrowse.git",
       {ref,"8f3f6a3a30730b193cc340a8885a960586dc98de"}},
  0},
 {<<"jiffy">>,
  {git,"https://github.com/davisp/jiffy.git",
       {ref,"ee8b48cb448a999e1fddbb5e2e32e7dfe33acf5c"}},
  0},
 {<<"lager">>,
  {git,"https://github.com/basho/lager.git",
       {ref,"81eaef0ce98fdbf64ab95665e3bc2ec4b24c7dac"}},
  0},
 {<<"meck">>,
  {git,"git://github.com/eproxus/meck.git",
       {ref,"12572c19983253a2c65cd4339dc3748ac3e83eea"}},
  1},
 {<<"mini_s3">>,
  {git,"https://github.com/chef/mini_s3.git",
       {ref,"df0c68ea901343b8e0c647142d88d7f3aae27e7b"}},
  0},
 {<<"mixer">>,
  {git,"git://github.com/opscode/mixer.git",
       {ref,"58ded93d5c47675899d8e5e1589270f340ea66c5"}},
  2},
 {<<"mochiweb">>,
  {git,"git://github.com/basho/mochiweb.git",
       {ref,"ade2a9b29a11034eb550c1d79b4f991bf5ca05ba"}},
  2},
 {<<"moser">>,
  {git,"https://github.com/opscode/moser.git",
       {ref,"6f8d8176ad5ffd592997b22bf741f3c06ea92da4"}},
  0},
 {<<"oauth">>,
  {git,"git://github.com/opscode/erlang-oauth.git",
       {ref,"2b796ea7973c0f38aad569bf2506bd8026eca004"}},
  2},
 {<<"observer_cli">>,
  {git,"https://github.com/zhongwencool/observer_cli",
       {ref,"14faec950d73a9b96d3cfd708cc4b22ce823693e"}},
  0},
 {<<"opscoderl_folsom">>,
  {git,"git://github.com/opscode/opscoderl_folsom.git",
       {ref,"d493429f895a904e9fd86d12a68f7075dfa8e227"}},
  2},
 {<<"opscoderl_httpc">>,
  {git,"git://github.com/opscode/opscoderl_httpc.git",
       {ref,"2f0e99cadbe80b5c728109ff669a5efb164ab79e"}},
  2},
 {<<"opscoderl_wm">>,
  {git,"https://github.com/opscode/opscoderl_wm.git",
       {ref,"fc8d3295e1d3d1cb4dbd69ccc1215cee3d5889c6"}},
  0},
 {<<"pooler">>,
  {git,"git://github.com/seth/pooler.git",
       {ref,"9c28fb479f9329e2a1644565a632bc222780f1b7"}},
  0},
 {<<"quickrand">>,
  {git,"https://github.com/okeuday/quickrand.git",
       {ref,"0395a10b94472ccbe38b62bbfa9d0fc1ddac1dd7"}},
  2},
 {<<"rabbit_common">>,
  {git,"git://github.com/seth/rabbit_common.git",
       {ref,"4388fe57cb63872f5fcf3a2670b4f05de657a64b"}},
  2},
 {<<"rebar_lock_deps_plugin">>,
  {git,"git://github.com/seth/rebar_lock_deps_plugin.git",
       {ref,"9711549b8a84b065eb2edc22f8eb6ff85e3c94e8"}},
  2},
 {<<"rebar_vsn_plugin">>,
  {git,"https://github.com/erlware/rebar_vsn_plugin.git",
       {ref,"fd40c960c7912193631d948fe962e1162a8d1334"}},
  2},
 {<<"recon">>,{pkg,<<"recon">>,<<"2.3.6">>},1},
 {<<"sqerl">>,
  {git,"https://github.com/chef/sqerl.git",
       {ref,"687f630705dede2cc82791b5f494c9fe5c7c4a75"}},
  0},
 {<<"stats_hero">>,
  {git,"https://github.com/opscode/stats_hero.git",
       {ref,"0811d3045874f6c16b76c04ac9358322e029c4b7"}},
  0},
 {<<"uuid">>,
  {git,"git://github.com/okeuday/uuid.git",
       {ref,"f7c141c8359cd690faba0d2684b449a07db8e915"}},
  2},
 {<<"webmachine">>,
  {git,"git://github.com/chef/webmachine",
       {ref,"8525948570419ba3e330ee14cb28fdf2de788506"}},
  1}]}.
[
{pkg_hash,[
 {<<"recon">>, <<"2BCAD0CF621FB277CABBB6413159CD3AA30265C2DEE42C968697988B30108604">>}]}
].
