%% THIS FILE IS GENERATED. DO NOT EDIT IT MANUALLY %%

{plugins,[rebar_lock_deps_plugin]}.
{cover_enabled,true}.
{lib_dirs,["deps"]}.
{deps,[{goldrush,".*",
                 {git,"git://github.com/DeadZen/goldrush.git",
                      "71e63212f12c25827e0c1b4198d37d5d018a7fec"}},
       {lager,".*",
              {git,"https://github.com/basho/lager",
                   "d33ccf3b69de09a628fe38b4d7981bb8671b8a4f"}},
       {envy,".*",
             {git,"git://github.com/manderson26/envy.git",
                  "e6ba39664a1016ed309ea44269247943de2eb16b"}},
       {decouch,".*",
                {git,"https://github.com/chef/decouch",
                     "152db1491fe5053bc123de3622d1649872c0ac47"}},
       {ej,".*",
           {git,"git://github.com/seth/ej.git",
                "132a9a3c0662a2377eaf7ebee694a496a0957160"}},
       {eper,".*",
             {git,"https://github.com/massemanet/eper",
                  "80e7cd6446d26d2423f2acd37253826bb3152964"}},
       {rebar_lock_deps_plugin,".*",
                               {git,"git://github.com/seth/rebar_lock_deps_plugin.git",
                                    "7a5835029c42b8138325405237ea7e8516a84800"}},
       {mochiweb,".*",
                 {git,"git://github.com/basho/mochiweb.git",
                      "ade2a9b29a11034eb550c1d79b4f991bf5ca05ba"}},
       {webmachine,".*",
                   {git,"git://github.com/basho/webmachine",
                        "7677c240f4a7ed020f4bab48278224966bb42311"}},
       {opscoderl_wm,".*",
                     {git,"git://github.com/opscode/opscoderl_wm.git",
                          "64db62e070da58cf7bb0caebde7a3f11c2e3cbbb"}},
       {chef_authn,".*",
                   {git,"git://github.com/opscode/chef_authn.git",
                        "e7850d0925b01761d8085ee8b44dafbbe1b297a4"}},
       {epgsql,".*",
               {git,"git://github.com/chef/epgsql-1.git",
                    "cdb859d0d54fc4bed2107fd3d197bc7ea815958f"}},
       {pooler,".*",
               {git,"git://github.com/seth/pooler.git",
                    "7bb8ab83c6f60475e6ef8867d3d5afa0b1dd4013"}},
       {sqerl,".*",
              {git,"git://github.com/opscode/sqerl.git",
                   "17d8d95dbb644d20af3ab7dc19d04dab14e4bed5"}},
       {meck,".*",
             {git,"git://github.com/eproxus/meck.git",
                  "8de4a66bfd33d05f090b930b4e90d64b89b6e9cb"}},
       {bear,".*",
             {git,"git://github.com/boundary/bear.git",
                  "3fd09d1b7bbd9de5b2d29f46df04a93fca9ce85e"}},
       {folsom,".*",
               {git,"https://github.com/boundary/folsom",
                    "154024e3c4f52b06a33bcb6b901bcf0917e80fc4"}},
       {folsom_graphite,".*",
                        {git,"git://github.com/opscode/folsom_graphite.git",
                             "d4ce9bf02c025ca559d18abc084c367bf4deaf3f"}},
       {ibrowse,".*",
                {git,"https://github.com/opscode/ibrowse",
                     "8f3f6a3a30730b193cc340a8885a960586dc98de"}},
       {mini_s3,".*",
                {git,"git://github.com/opscode/mini_s3.git",
                     "1cf296868077caefa6791f4996145a369c49091b"}},
       {opscoderl_folsom,".*",
                         {git,"git://github.com/opscode/opscoderl_folsom.git",
                              "d493429f895a904e9fd86d12a68f7075dfa8e227"}},
       {bcrypt,".*",
               {git,"https://github.com/opscode/erlang-bcrypt",
                    "820283b0d329368f298afd22038340c888689a39"}},
       {mixer,".*",
              {git,"git://github.com/opscode/mixer.git",
                   "58ded93d5c47675899d8e5e1589270f340ea66c5"}},
       {ejson,".*",
              {git,"git://github.com/kevsmith/ejson.git",
                   "2a78a82f9fb240cac5a33ee4dc13702539463ad6"}},
       {oauth,".*",
              {git,"git://github.com/opscode/erlang-oauth.git",
                   "2b796ea7973c0f38aad569bf2506bd8026eca004"}},
       {couchbeam,".*",
                  {git,"git://github.com/opscode/couchbeam.git",
                       "c7881f6247a92cd62a818fe9f637ff973a5f8923"}},
       {edown,".*",
              {git,"git://github.com/seth/edown.git",
                   "30a9f7867d615af45783235faa52742d11a9348e"}},
       {stats_hero,".*",
                   {git,"https://github.com/opscode/stats_hero",
                        "ff000415e5ca71d7ffcfea15153bd696a386455a"}},
       {jiffy,".*",
              {git,"https://github.com/davisp/jiffy.git",
                   "f661ee9fd80e5b6b03e9dfbb17d1c72fb6cfdba9"}},
       {gen_server2,".*",
                    {git,"git://github.com/mdaguete/gen_server2.git",
                         "992650004c81ee921183488cb8115de4777e7bd9"}},
       {rabbit_common,".*",
                      {git,"git://github.com/seth/rabbit_common.git",
                           "4388fe57cb63872f5fcf3a2670b4f05de657a64b"}},
       {amqp_client,".*",
                    {git,"git://github.com/seth/amqp_client.git",
                         "7622ad8093a41b7288a1aa44dd16d3e92ce8f833"}},
       {gen_bunny,".*",
                  {git,"git://github.com/seth/gen_bunny.git",
                       "fe10af39cd4ad8de7a8d6a0d90f79ea73e788761"}},
       {rebar_vsn_plugin,".*",
                         {git,"https://github.com/erlware/rebar_vsn_plugin.git",
                              "fd40c960c7912193631d948fe962e1162a8d1334"}},
       {erlware_commons,".*",
                        {git,"https://github.com/erlware/erlware_commons.git",
                             "ef0d252b11c863f9c228af2fe93a4e42fba2f7f3"}},
       {darklaunch,".*",
                   {git,"git://github.com/opscode/opscode-darklaunch-erlang.git",
                        "05881cb04e9393ab42b6fac3b22803130ef2701c"}},
       {automeck,".*",
                 {git,"git://github.com/opscode/automeck.git",
                      "363657b4dff5ef5561e77a7d44348abf11405d09"}},
       {opscoderl_httpc,".*",
                        {git,"git://github.com/opscode/opscoderl_httpc.git",
                             "2f0e99cadbe80b5c728109ff669a5efb164ab79e"}},
       {quickrand,".*",
                  {git,"https://github.com/okeuday/quickrand.git",
                       "0395a10b94472ccbe38b62bbfa9d0fc1ddac1dd7"}},
       {uuid,".*",
             {git,"git://github.com/okeuday/uuid.git",
                  "f7c141c8359cd690faba0d2684b449a07db8e915"}},
       {oc_erchef,".*",
                  {git,"https://github.com/opscode/oc_erchef",
                       "f6a1ba75e6209e73aa7533a48942e1b05d1ae2ce"}},
       {moser,".*",
              {git,"https://github.com/opscode/moser",
                   "401b34de6465a56dd1d044873ab95a8f78359b85"}},
       {chef_reindex,".*",
                     {git,"https://github.com/opscode/chef_reindex",
                          "f09b447596f81616b86fe99188c39112b1cfd1dc"}},
       {eredis,".*",
               {git,"https://github.com/wooga/eredis",
                    "4480c062ab4ce9b45a258fc3f793e3bc75ac0a73"}},
       {hoax,".*",
             {git,"https://github.com/xenolinguist/hoax",
                  "093d2afc2e4ca2d7ab9779aeb3e09dd427a964f2"}}]}.
{dev_only_deps,[{hoax,".*",
                      {git,"https://github.com/xenolinguist/hoax",
                           {tag,"0.9.7"}}}]}.
{erl_opts,[debug_info,{parse_transform,lager_transform}]}.

