{"1.1.0",
[{<<"chef_secrets">>,
  {git,"https://github.com/chef/chef_secrets",
       {ref,"58373899212a23e4f37070aaa6d3a751b1281492"}},
  0},
 {<<"edown">>,
  {git,"https://github.com/uwiger/edown.git",
       {ref,"754be25f71a04099c83f3ffdff268e70beeb0021"}},
  0},
 {<<"ej">>,
  {git,"git://github.com/seth/ej.git",
       {ref,"40821f7ab3d8746e8573e8542ad452d2b346ed7f"}},
  0},
 {<<"envy">>,
  {git,"git://github.com/manderson26/envy.git",
       {ref,"0148fb4b7ed0e188511578e98b42d6e7dde0ebd1"}},
  1},
 {<<"eper">>,
  {git,"git://github.com/massemanet/eper.git",
       {ref,"f23776f716aaa8e8746ea4195a11df3605d6a885"}},
  0},
 {<<"epgsql">>,
  {git,"git://github.com/chef/epgsql-1.git",
       {ref,"d62690920cfb5ab7927f067a51cf38ffc469563a"}},
  1},
 {<<"goldrush">>,
  {git,"https://github.com/basho/goldrush.git",
       {ref,"8f1b715d36b650ec1e1f5612c00e28af6ab0de82"}},
  1},
 {<<"jiffy">>,
  {git,"https://github.com/davisp/jiffy",
       {ref,"031f9dbbf6c31b83585569cd290504f006540a77"}},
  0},
 {<<"lager">>,
  {git,"https://github.com/basho/lager",
       {ref,"81eaef0ce98fdbf64ab95665e3bc2ec4b24c7dac"}},
  0},
 {<<"meck">>,
  {git,"git://github.com/eproxus/meck.git",
       {ref,"b1a9cadf43adba8426e48f0727f33338750e1169"}},
  1},
 {<<"mixer">>,
  {git,"git://github.com/chef/mixer.git",
       {ref,"58ded93d5c47675899d8e5e1589270f340ea66c5"}},
  0},
 {<<"mochiweb">>,
  {git,"git://github.com/mochi/mochiweb",
       {ref,"c3fb6aed018d47a9c313daa966657a157d88dbc6"}},
  0},
 {<<"observer_cli">>,
  {git,"https://github.com/zhongwencool/observer_cli",
       {ref,"ac167efd42e9c09d047e36428a38521e3ef84672"}},
  0},
 {<<"opscoderl_wm">>,
  {git,"https://github.com/chef/opscoderl_wm.git",
       {ref,"fc8d3295e1d3d1cb4dbd69ccc1215cee3d5889c6"}},
  0},
 {<<"pooler">>,
  {git,"git://github.com/seth/pooler.git",
       {ref,"b6c522a67a1d067122705ef725535a8664dd8514"}},
  1},
 {<<"recon">>,{pkg,<<"recon">>,<<"2.3.4">>},1},
 {<<"sqerl">>,
  {git,"https://github.com/chef/sqerl.git",
       {ref,"f36fb5c80777769ff9c27adba9340693cfe964f8"}},
  0},
 {<<"stats_hero">>,
  {git,"git://github.com/chef/stats_hero.git",
       {ref,"e6d26d4cbfb22f9d532a97ec41ff0f00f9917e05"}},
  0},
 {<<"sync">>,
  {git,"https://github.com/rustyio/sync.git",
       {ref,"7548dbffd3ed20a674bd423bd7131585ad66cd9e"}},
  0},
 {<<"webmachine">>,
  {git,"git://github.com/chef/webmachine",
       {ref,"8525948570419ba3e330ee14cb28fdf2de788506"}},
  1}]}.
[
{pkg_hash,[
 {<<"recon">>, <<"B406C2FCCDEAA0D94E23B5E30AE3D635A2D461E363A5C9C6316897037CF050D2">>}]}
].
