[{<<"chef_secrets">>,
  {git,"https://github.com/chef/chef_secrets",
       {ref,"3ada796f85085bc3d6777f0bc355ce9345db7adf"}},
  0},
 {<<"edown">>,
  {git,"https://github.com/uwiger/edown.git",
       {ref,"754be25f71a04099c83f3ffdff268e70beeb0021"}},
  0},
 {<<"ej">>,
  {git,"git://github.com/seth/ej.git",
       {ref,"40821f7ab3d8746e8573e8542ad452d2b346ed7f"}},
  0},
 {<<"envy">>,
  {git,"git://github.com/manderson26/envy.git",
       {ref,"0148fb4b7ed0e188511578e98b42d6e7dde0ebd1"}},
  1},
 {<<"eper">>,
  {git,"git://github.com/massemanet/eper.git",
       {ref,"805a58728a3258e78de7ae732397ffc74c91423c"}},
  0},
 {<<"epgsql">>,
  {git,"git://github.com/chef/epgsql-1.git",
       {ref,"25d9e2f4441b63296c34da1811d8b79ed4baa444"}},
  1},
 {<<"goldrush">>,
  {git,"https://github.com/basho/goldrush.git",
       {ref,"8f1b715d36b650ec1e1f5612c00e28af6ab0de82"}},
  1},
 {<<"jiffy">>,
  {git,"https://github.com/davisp/jiffy",
       {ref,"06aaf440e091c9fd5f8aea557ac760a33bd37130"}},
  0},
 {<<"lager">>,
  {git,"https://github.com/basho/lager",
       {ref,"81eaef0ce98fdbf64ab95665e3bc2ec4b24c7dac"}},
  0},
 {<<"meck">>,
  {git,"git://github.com/eproxus/meck.git",
       {ref,"f0904dcdace405b03ae711a8e3f30dc284996bc6"}},
  1},
 {<<"mixer">>,
  {git,"git://github.com/chef/mixer.git",
       {ref,"58ded93d5c47675899d8e5e1589270f340ea66c5"}},
  0},
 {<<"mochiweb">>,
  {git,"git://github.com/mochi/mochiweb",
       {ref,"c3fb6aed018d47a9c313daa966657a157d88dbc6"}},
  0},
 {<<"opscoderl_wm">>,
  {git,"https://github.com/chef/opscoderl_wm.git",
       {ref,"398065057df06ad55b998b910e2238d4b96123f3"}},
  0},
 {<<"pooler">>,
  {git,"git://github.com/seth/pooler.git",
       {ref,"b6c522a67a1d067122705ef725535a8664dd8514"}},
  1},
 {<<"sqerl">>,
  {git,"https://github.com/chef/sqerl.git",
       {ref,"2d9792ccbbe86824d47468c119e7d99733ce4546"}},
  0},
 {<<"stats_hero">>,
  {git,"git://github.com/chef/stats_hero.git",
       {ref,"e6d26d4cbfb22f9d532a97ec41ff0f00f9917e05"}},
  0},
 {<<"sync">>,
  {git,"https://github.com/rustyio/sync.git",
       {ref,"20846b02126846d69f1f4b2d00fcad580ef5c0d0"}},
  0},
 {<<"webmachine">>,
  {git,"git://github.com/webmachine/webmachine",
       {ref,"4edbea20f05dde54cd83e562ec29ae4cc5669f76"}},
  1}].
