[{<<"edown">>,
  {git,"git://github.com/seth/edown.git",
       {ref,"30a9f7867d615af45783235faa52742d11a9348e"}},
  1},
 {<<"ej">>,
  {git,"git://github.com/seth/ej.git",
       {ref,"40821f7ab3d8746e8573e8542ad452d2b346ed7f"}},
  0},
 {<<"envy">>,
  {git,"git://github.com/manderson26/envy.git",
       {ref,"0148fb4b7ed0e188511578e98b42d6e7dde0ebd1"}},
  1},
 {<<"eper">>,
  {git,"git://github.com/massemanet/eper.git",
       {ref,"805a58728a3258e78de7ae732397ffc74c91423c"}},
  0},
 {<<"epgsql">>,
  {git,"git://github.com/chef/epgsql-1.git",
       {ref,"89d4ff4b1c1edf8995432d1633fb5458eb156a46"}},
  1},
 {<<"goldrush">>,
  {git,"git://github.com/DeadZen/goldrush.git",
       {ref,"212299233c7e7eb63a97be2777e1c05ebaa58dbe"}},
  1},
 {<<"jiffy">>,
  {git,"git://github.com/davisp/jiffy.git",
       {ref,"a7db72493d2288533afbb417d5c2e6f11db84639"}},
  0},
 {<<"lager">>,
  {git,"https://github.com/basho/lager.git",
       {ref,"1c42c3bffbab49b0f06c9a916b00ca4911ae6a2f"}},
  0},
 {<<"meck">>,
  {git,"git://github.com/eproxus/meck.git",
       {ref,"c772db17a7c94e75d20688197f61538d63fe2ae9"}},
  1},
 {<<"mixer">>,
  {git,"git://github.com/chef/mixer.git",
       {ref,"0d1322433e7e2237eb1270dc5a028fa014335134"}},
  0},
 {<<"mochiweb">>,{pkg,<<"mochiweb">>,<<"2.12.2">>},2},
 {<<"opscoderl_wm">>,
  {git,"https://github.com/chef/opscoderl_wm.git",
       {ref,"398065057df06ad55b998b910e2238d4b96123f3"}},
  0},
 {<<"pooler">>,
  {git,"git://github.com/seth/pooler.git",
       {ref,"b6c522a67a1d067122705ef725535a8664dd8514"}},
  1},
 {<<"sqerl">>,
  {git,"git://github.com/chef/sqerl.git",
       {ref,"7e40908af7010b70212320e3d410dff31edfc7f9"}},
  0},
 {<<"stats_hero">>,
  {git,"git://github.com/chef/stats_hero.git",
       {ref,"e6d26d4cbfb22f9d532a97ec41ff0f00f9917e05"}},
  0},
 {<<"sync">>,
  {git,"https://github.com/rustyio/sync.git",
       {ref,"20846b02126846d69f1f4b2d00fcad580ef5c0d0"}},
  0},
 {<<"webmachine">>,
  {git,"git://github.com/webmachine/webmachine",
       {ref,"6c4265808d8d307d76f28483f5eaada7d261ea18"}},
  1}].
