%% THIS FILE IS GENERATED. DO NOT EDIT IT MANUALLY %%

{sub_dirs,["rel","apps/bifrost"]}.
{erl_opts,[warnings_as_errors,{parse_transform,lager_transform},debug_info]}.
{deps,[{goldrush,".*",
                 {git,"git://github.com/DeadZen/goldrush.git",
                      "71e63212f12c25827e0c1b4198d37d5d018a7fec"}},
       {lager,".*",
              {git,"https://github.com/basho/lager.git",
                   "d33ccf3b69de09a628fe38b4d7981bb8671b8a4f"}},
       {eper,".*",
             {git,"git://github.com/massemanet/eper.git",
                  "80e7cd6446d26d2423f2acd37253826bb3152964"}},
       {jiffy,".*",
              {git,"git://github.com/davisp/jiffy.git",
                   "3b6a1327d418f7594ecb23aa8d7874c3986f433e"}},
       {ej,".*",
           {git,"git://github.com/seth/ej.git",
                "132a9a3c0662a2377eaf7ebee694a496a0957160"}},
       {mixer,".*",
              {git,"git://github.com/chef/mixer.git",
                   "58ded93d5c47675899d8e5e1589270f340ea66c5"}},
       {epgsql,".*",
               {git,"git://github.com/chef/epgsql-1.git",
                    "cdb859d0d54fc4bed2107fd3d197bc7ea815958f"}},
       {pooler,".*",
               {git,"git://github.com/seth/pooler.git",
                    "7bb8ab83c6f60475e6ef8867d3d5afa0b1dd4013"}},
       {envy,".*",
             {git,"git://github.com/manderson26/envy.git",
                  "e6ba39664a1016ed309ea44269247943de2eb16b"}},
       {sqerl,".*",
              {git,"git://github.com/chef/sqerl.git",
                   "17d8d95dbb644d20af3ab7dc19d04dab14e4bed5"}},
       {meck,".*",
             {git,"git://github.com/eproxus/meck.git",
                  "8de4a66bfd33d05f090b930b4e90d64b89b6e9cb"}},
       {edown,".*",
              {git,"git://github.com/seth/edown.git",
                   "30a9f7867d615af45783235faa52742d11a9348e"}},
       {stats_hero,".*",
                   {git,"git://github.com/chef/stats_hero.git",
                        "ff000415e5ca71d7ffcfea15153bd696a386455a"}},
       {mochiweb,".*",
                 {git,"git://github.com/basho/mochiweb.git",
                      "ade2a9b29a11034eb550c1d79b4f991bf5ca05ba"}},
       {webmachine,".*",
                   {git,"git://github.com/basho/webmachine",
                        "7677c240f4a7ed020f4bab48278224966bb42311"}},
       {opscoderl_wm,".*",
                     {git,"git://github.com/chef/opscoderl_wm.git",
                          "64db62e070da58cf7bb0caebde7a3f11c2e3cbbb"}},
       {sync,".*",
             {git,"https://github.com/rustyio/sync.git",
                  "ae7dbd4e6e2c08d77d96fc4c2bc2b6a3b266492b"}},
       {rebar_lock_deps_plugin,".*",
                               {git,"git://github.com/seth/rebar_lock_deps_plugin.git",
                                    "7a5835029c42b8138325405237ea7e8516a84800"}}]}.
{use_lock_deps,true}.
{use_edown,true}.
{eunit_opts,[verbose,{report,{eunit_surefire,[{dir,"."}]}}]}.
{cover_enabled,true}.

