[{<<"cf">>,{pkg,<<"cf">>,<<"0.2.2">>},1},
 {<<"cowboy">>,
  {git,"https://github.com/ninenines/cowboy.git",
       {ref,"c528d9b0f7698b5b901cbc8841a96fb4bd38aba9"}},
  0},
 {<<"cowlib">>,
  {git,"https://github.com/ninenines/cowlib",
       {ref,"8e6d0f462850a90bd8a60995f52027839288d038"}},
  1},
 {<<"envy">>,
  {git,"https://github.com/markan/envy",
       {ref,"0148fb4b7ed0e188511578e98b42d6e7dde0ebd1"}},
  0},
 {<<"eper">>,
  {git,"https://github.com/massemanet/eper.git",
       {ref,"805a58728a3258e78de7ae732397ffc74c91423c"}},
  0},
 {<<"epgsql">>,
  {git,"https://github.com/chef/epgsql-1",
       {ref,"89d4ff4b1c1edf8995432d1633fb5458eb156a46"}},
  0},
 {<<"erlware_commons">>,{pkg,<<"erlware_commons">>,<<"0.22.0">>},0},
 {<<"goldrush">>,
  {git,"git://github.com/DeadZen/goldrush.git",
       {ref,"212299233c7e7eb63a97be2777e1c05ebaa58dbe"}},
  1},
 {<<"lager">>,
  {git,"https://github.com/basho/lager",
       {ref,"b2cb2735713e3021e0761623ff595d53a545438e"}},
  0},
 {<<"ranch">>,
  {git,"https://github.com/ninenines/ranch",
       {ref,"a5d2efcde9a34ad38ab89a26d98ea5335e88625a"}},
  1},
 {<<"recon">>,
  {git,"https://github.com/ferd/recon.git",
       {ref,"e3e2db564a4a176f0a733161b39bf0f0bd4ed3a8"}},
  0},
 {<<"sync">>,
  {git,"https://github.com/rustyio/sync.git",
       {ref,"20846b02126846d69f1f4b2d00fcad580ef5c0d0"}},
  0}].
