[{<<"cf">>,{pkg,<<"cf">>,<<"0.2.2">>},1},
 {<<"cowboy">>,
  {git,"https://github.com/ninenines/cowboy.git",
       {ref,"0f8452cafaa27aeffb103019564c086eacfd34f9"}},
  0},
 {<<"cowlib">>,
  {git,"https://github.com/ninenines/cowlib",
       {ref,"0e7abe0b24593f131add272c275406d8ed231805"}},
  1},
 {<<"envy">>,
  {git,"https://github.com/markan/envy",
       {ref,"0148fb4b7ed0e188511578e98b42d6e7dde0ebd1"}},
  0},
 {<<"eper">>,
  {git,"https://github.com/massemanet/eper.git",
       {ref,"805a58728a3258e78de7ae732397ffc74c91423c"}},
  0},
 {<<"epgsql">>,
  {git,"https://github.com/chef/epgsql-1",
       {ref,"89d4ff4b1c1edf8995432d1633fb5458eb156a46"}},
  0},
 {<<"erlware_commons">>,{pkg,<<"erlware_commons">>,<<"1.0.0">>},0},
 {<<"goldrush">>,
  {git,"git://github.com/DeadZen/goldrush.git",
       {ref,"212299233c7e7eb63a97be2777e1c05ebaa58dbe"}},
  1},
 {<<"gun">>,
  {git,"https://github.com/ninenines/gun.git",
       {ref,"bc733a2ca5f7d07f997ad6edf184f775b23434aa"}},
  0},
 {<<"hoax">>,
  {git,"https://github.com/xenolinguist/hoax",
       {ref,"73b87b16e1524740437a8077bcaee15083bb40d8"}},
  0},
 {<<"lager">>,
  {git,"https://github.com/basho/lager",
       {ref,"b2cb2735713e3021e0761623ff595d53a545438e"}},
  0},
 {<<"ranch">>,
  {git,"https://github.com/ninenines/ranch",
       {ref,"40809cd2b257a8a53bcb5588ecaa88cc5381ff5c"}},
  1},
 {<<"recon">>,
  {git,"https://github.com/ferd/recon.git",
       {ref,"e3e2db564a4a176f0a733161b39bf0f0bd4ed3a8"}},
  0},
 {<<"sync">>,
  {git,"https://github.com/rustyio/sync.git",
       {ref,"20846b02126846d69f1f4b2d00fcad580ef5c0d0"}},
  0}].
