[{<<"amqp_client">>,
  {git,"git://github.com/seth/amqp_client.git",
       {ref,"7622ad8093a41b7288a1aa44dd16d3e92ce8f833"}},
  1},
 {<<"bcrypt">>,
  {git,"https://github.com/chef/erlang-bcrypt",
       {ref,"5cbe6becbe926739adebc67c6827ac2a2b9e7bbd"}},
  0},
 {<<"bear">>,
  {git,"git://github.com/boundary/bear.git",
       {ref,"119234548783af19b8ec75c879c5062676b92571"}},
  1},
 {<<"chef_authn">>,
  {git,"https://github.com/chef/chef_authn",
       {ref,"defae88f9ea9f9875b1148947bbdf38c867c8ec7"}},
  0},
 {<<"darklaunch">>,
  {git,"https://github.com/chef/opscode-darklaunch-erlang",
       {ref,"05881cb04e9393ab42b6fac3b22803130ef2701c"}},
  0},
 {<<"edown">>,
  {git,"git://github.com/seth/edown.git",
       {ref,"30a9f7867d615af45783235faa52742d11a9348e"}},
  1},
 {<<"efast_xs">>,
  {git,"https://github.com/chef/efast_xs",
       {ref,"a8cc3f6109db1cfa40123fcc6a5c25f772030f1e"}},
  0},
 {<<"ej">>,
  {git,"https://github.com/seth/ej",
       {ref,"132a9a3c0662a2377eaf7ebee694a496a0957160"}},
  0},
 {<<"envy">>,
  {git,"https://github.com/markan/envy",
       {ref,"954c87adcfea892db462f56059eb8bc2857ab50b"}},
  0},
 {<<"eper">>,
  {git,"https://github.com/massemanet/eper",
       {ref,"43e0442863df9f713a5c88c9b43062b806d96adb"}},
  0},
 {<<"epgsql">>,
  {git,"git://github.com/chef/epgsql-1.git",
       {ref,"89d4ff4b1c1edf8995432d1633fb5458eb156a46"}},
  1},
 {<<"erlware_commons">>,
  {git,"https://github.com/erlware/erlware_commons",
       {ref,"49bc69e35a282bde4a0a6a8f211b5f77d8585256"}},
  0},
 {<<"folsom">>,
  {git,"https://github.com/boundary/folsom",
       {ref,"38e2cce7c64ce1f0a3a918d90394cfc0a940b1ba"}},
  0},
 {<<"folsom_graphite">>,
  {git,"https://github.com/chef/folsom_graphite",
       {ref,"d4ce9bf02c025ca559d18abc084c367bf4deaf3f"}},
  0},
 {<<"gen_bunny">>,
  {git,"https://github.com/seth/gen_bunny",
       {ref,"fe10af39cd4ad8de7a8d6a0d90f79ea73e788761"}},
  0},
 {<<"gen_server2">>,
  {git,"git://github.com/mdaguete/gen_server2.git",
       {ref,"992650004c81ee921183488cb8115de4777e7bd9"}},
  2},
 {<<"goldrush">>,
  {git,"git://github.com/DeadZen/goldrush.git",
       {ref,"71e63212f12c25827e0c1b4198d37d5d018a7fec"}},
  1},
 {<<"ibrowse">>,
  {git,"https://github.com/chef/ibrowse",
       {ref,"8f3f6a3a30730b193cc340a8885a960586dc98de"}},
  0},
 {<<"jiffy">>,
  {git,"https://github.com/davisp/jiffy",
       {ref,"f661ee9fd80e5b6b03e9dfbb17d1c72fb6cfdba9"}},
  0},
 {<<"lager">>,
  {git,"https://github.com/basho/lager",
       {ref,"d33ccf3b69de09a628fe38b4d7981bb8671b8a4f"}},
  0},
 {<<"meck">>,
  {git,"git://github.com/eproxus/meck.git",
       {ref,"86a099f6f48382db0891c9ae468013c1a0c7c20d"}},
  1},
 {<<"mini_s3">>,
  {git,"https://github.com/chef/mini_s3",
       {ref,"1cf296868077caefa6791f4996145a369c49091b"}},
  0},
 {<<"mixer">>,
  {git,"https://github.com/chef/mixer",
       {ref,"58ded93d5c47675899d8e5e1589270f340ea66c5"}},
  0},
 {<<"mochiweb">>,{pkg,<<"mochiweb">>,<<"2.12.2">>},2},
 {<<"neotoma">>,
  {git,"git://github.com/seancribbs/neotoma",
       {ref,"760928ec8870da02eb11bccb501e2700925d06c6"}},
  0},
 {<<"opscoderl_folsom">>,
  {git,"https://github.com/chef/opscoderl_folsom",
       {ref,"d493429f895a904e9fd86d12a68f7075dfa8e227"}},
  0},
 {<<"opscoderl_httpc">>,
  {git,"https://github.com/chef/opscoderl_httpc",
       {ref,"0ef57e8bf89b9c88be2fa94d747b75089849dfd1"}},
  0},
 {<<"opscoderl_wm">>,
  {git,"https://github.com/chef/opscoderl_wm",
       {ref,"398065057df06ad55b998b910e2238d4b96123f3"}},
  0},
 {<<"pooler">>,
  {git,"https://github.com/seth/pooler",
       {ref,"7bb8ab83c6f60475e6ef8867d3d5afa0b1dd4013"}},
  0},
 {<<"quickrand">>,
  {git,"https://github.com/okeuday/quickrand.git",
       {ref,"0395a10b94472ccbe38b62bbfa9d0fc1ddac1dd7"}},
  1},
 {<<"rabbit_common">>,
  {git,"git://github.com/seth/rabbit_common.git",
       {ref,"4388fe57cb63872f5fcf3a2670b4f05de657a64b"}},
  1},
 {<<"sqerl">>,
  {git,"https://github.com/chef/sqerl",
       {ref,"7e40908af7010b70212320e3d410dff31edfc7f9"}},
  0},
 {<<"stats_hero">>,
  {git,"https://github.com/chef/stats_hero",
       {ref,"c3608d60cc567f3bc704b7cdc7555b7f5a4427ed"}},
  0},
 {<<"sync">>,
  {git,"https://github.com/rustyio/sync.git",
       {ref,"9c78e7b4fe28c75d18ad6971585a204b96e47db1"}},
  0},
 {<<"uuid">>,
  {git,"https://github.com/okeuday/uuid",
       {ref,"f7c141c8359cd690faba0d2684b449a07db8e915"}},
  0},
 {<<"webmachine">>,
  {git,"git://github.com/webmachine/webmachine",
       {ref,"f690bfb109c7ce625d5cb22750af695a0ff2df9f"}},
  1}].
