{"1.1.0",
[{<<"amqp_client">>,
  {git,"git://github.com/seth/amqp_client.git",
       {ref,"7622ad8093a41b7288a1aa44dd16d3e92ce8f833"}},
  1},
 {<<"bcrypt">>,
  {git,"https://github.com/smarkets/erlang-bcrypt",
       {ref,"a63df34d4957dbb70a703c67c75ed9fee2c78971"}},
  0},
 {<<"bear">>,
  {git,"git://github.com/boundary/bear.git",
       {ref,"119234548783af19b8ec75c879c5062676b92571"}},
  1},
 {<<"cf">>,
  {git,"https://github.com/project-fifo/cf",
       {ref,"641d0a009b043a3a19e0ec56c1f4f4dfe918e135"}},
  0},
 {<<"chef_authn">>,
  {git,"https://github.com/chef/chef_authn",
       {ref,"fc193701a39d304b6386be28ce437fe21062bd69"}},
  0},
 {<<"chef_secrets">>,
  {git,"https://github.com/chef/chef_secrets",
       {ref,"9e47ba9fc8a31aa2a4f9317de69b677fa34eb17e"}},
  0},
 {<<"darklaunch">>,
  {git,"https://github.com/chef/opscode-darklaunch-erlang",
       {ref,"05881cb04e9393ab42b6fac3b22803130ef2701c"}},
  0},
 {<<"edown">>,
  {git,"https://github.com/uwiger/edown",
       {ref,"754be25f71a04099c83f3ffdff268e70beeb0021"}},
  0},
 {<<"efast_xs">>,
  {git,"https://github.com/chef/efast_xs",
       {ref,"a8cc3f6109db1cfa40123fcc6a5c25f772030f1e"}},
  0},
 {<<"ej">>,
  {git,"https://github.com/seth/ej",
       {ref,"40821f7ab3d8746e8573e8542ad452d2b346ed7f"}},
  0},
 {<<"envy">>,
  {git,"https://github.com/markan/envy",
       {ref,"0148fb4b7ed0e188511578e98b42d6e7dde0ebd1"}},
  0},
 {<<"eper">>,
  {git,"https://github.com/massemanet/eper",
       {ref,"805a58728a3258e78de7ae732397ffc74c91423c"}},
  0},
 {<<"epgsql">>,
  {git,"git://github.com/chef/epgsql-1.git",
       {ref,"25d9e2f4441b63296c34da1811d8b79ed4baa444"}},
  1},
 {<<"erlware_commons">>,{pkg,<<"erlware_commons">>,<<"1.0.0">>},0},
 {<<"folsom">>,
  {git,"https://github.com/boundary/folsom",
       {ref,"38e2cce7c64ce1f0a3a918d90394cfc0a940b1ba"}},
  0},
 {<<"folsom_graphite">>,
  {git,"https://github.com/chef/folsom_graphite",
       {ref,"4cd7ee89872e287d1a1c070408a16817ffc3f3c1"}},
  0},
 {<<"gen_bunny">>,
  {git,"https://github.com/seth/gen_bunny",
       {ref,"fe10af39cd4ad8de7a8d6a0d90f79ea73e788761"}},
  0},
 {<<"gen_server2">>,
  {git,"git://github.com/mdaguete/gen_server2.git",
       {ref,"992650004c81ee921183488cb8115de4777e7bd9"}},
  2},
 {<<"goldrush">>,
  {git,"https://github.com/basho/goldrush.git",
       {ref,"8f1b715d36b650ec1e1f5612c00e28af6ab0de82"}},
  1},
 {<<"ibrowse">>,
  {git,"https://github.com/chef/ibrowse",
       {ref,"8f3f6a3a30730b193cc340a8885a960586dc98de"}},
  0},
 {<<"jiffy">>,
  {git,"https://github.com/davisp/jiffy",
       {ref,"06aaf440e091c9fd5f8aea557ac760a33bd37130"}},
  0},
 {<<"lager">>,
  {git,"https://github.com/basho/lager",
       {ref,"81eaef0ce98fdbf64ab95665e3bc2ec4b24c7dac"}},
  0},
 {<<"meck">>,
  {git,"git://github.com/eproxus/meck.git",
       {ref,"f0904dcdace405b03ae711a8e3f30dc284996bc6"}},
  1},
 {<<"mini_s3">>,
  {git,"https://github.com/chef/mini_s3",
       {ref,"83814499d870c552867f440304e536f7558f70e3"}},
  0},
 {<<"mixer">>,
  {git,"https://github.com/chef/mixer",
       {ref,"58ded93d5c47675899d8e5e1589270f340ea66c5"}},
  0},
 {<<"mochiweb">>,
  {git,"git://github.com/mochi/mochiweb",
       {ref,"c3fb6aed018d47a9c313daa966657a157d88dbc6"}},
  0},
 {<<"neotoma">>,
  {git,"https://github.com/seancribbs/neotoma",
       {ref,"760928ec8870da02eb11bccb501e2700925d06c6"}},
  0},
 {<<"opscoderl_folsom">>,
  {git,"https://github.com/chef/opscoderl_folsom",
       {ref,"d493429f895a904e9fd86d12a68f7075dfa8e227"}},
  0},
 {<<"opscoderl_httpc">>,
  {git,"https://github.com/chef/opscoderl_httpc",
       {ref,"41a0cb853f4273be394eb952c9eb4eae2d3f00d4"}},
  0},
 {<<"opscoderl_wm">>,
  {git,"https://github.com/chef/opscoderl_wm",
       {ref,"398065057df06ad55b998b910e2238d4b96123f3"}},
  0},
 {<<"pooler">>,
  {git,"https://github.com/seth/pooler",
       {ref,"521f568bf9a2ccbe7c7e0fc23f24cd06ec559b79"}},
  0},
 {<<"quickrand">>,
  {git,"https://github.com/okeuday/quickrand.git",
       {ref,"c7eca718faa0d52c097155263dea6c25067396f7"}},
  1},
 {<<"rabbit_common">>,
  {git,"git://github.com/seth/rabbit_common.git",
       {ref,"4388fe57cb63872f5fcf3a2670b4f05de657a64b"}},
  1},
 {<<"sqerl">>,
  {git,"https://github.com/chef/sqerl",
       {ref,"2d9792ccbbe86824d47468c119e7d99733ce4546"}},
  0},
 {<<"stats_hero">>,
  {git,"https://github.com/chef/stats_hero",
       {ref,"e6d26d4cbfb22f9d532a97ec41ff0f00f9917e05"}},
  0},
 {<<"sync">>,
  {git,"https://github.com/rustyio/sync.git",
       {ref,"20846b02126846d69f1f4b2d00fcad580ef5c0d0"}},
  0},
 {<<"uuid">>,
  {git,"https://github.com/okeuday/uuid",
       {ref,"41c3725fe87a11f7d2e77463dcff72eb11fcdee0"}},
  0},
 {<<"webmachine">>,
  {git,"git://github.com/webmachine/webmachine",
       {ref,"4edbea20f05dde54cd83e562ec29ae4cc5669f76"}},
  1}]}.
[
{pkg_hash,[
 {<<"erlware_commons">>, <<"087467DE5833C0BB5B3CCDD387F9E9C1FB816A75B7A709629BF24B5ED3246C51">>}]}
].
