{"1.2.0",
[{<<"base16">>,{pkg,<<"base16">>,<<"1.0.0">>},1},
 {<<"bcrypt">>,
  {git,"https://github.com/erlangpack/bcrypt",
       {ref,"b38383d065600b1c4e561c25534ac9aabaec0892"}},
  0},
 {<<"bear">>,
  {git,"git://github.com/boundary/bear.git",
       {ref,"119234548783af19b8ec75c879c5062676b92571"}},
  1},
 {<<"cf">>,
  {git,"https://github.com/project-fifo/cf",
       {ref,"2bcf00402db9ca5a4790de7f82c8139baaf8856c"}},
  0},
 {<<"chef_authn">>,
  {git,"https://github.com/chef/chef_authn",
       {ref,"e33e42455a00884767e530a9bb7e3c23e39fcca0"}},
  0},
 {<<"chef_secrets">>,
  {git,"https://github.com/chef/chef_secrets",
       {ref,"6fa36689fd599602e5985587a1497282df2d907a"}},
  0},
 {<<"darklaunch">>,
  {git,"https://github.com/chef/opscode-darklaunch-erlang",
       {ref,"33a4f070eede8b7e71fceab1ed1e30ef6ddea3fb"}},
  0},
 {<<"edown">>,
  {git,"https://github.com/uwiger/edown",
       {ref,"36b838a7fdf829cb5dac07533294f7cb8c8de632"}},
  0},
 {<<"efast_xs">>,
  {git,"https://github.com/chef/efast_xs",
       {ref,"c2a6b925ed94ab8a28ff49375782834033919190"}},
  0},
 {<<"eini">>,{pkg,<<"eini">>,<<"1.2.9">>},1},
 {<<"ej">>,
  {git,"https://github.com/chef/ej",
       {ref,"f843f4da1cb7d8d2414adccc37fe523e3f92d789"}},
  0},
 {<<"envy">>,
  {git,"https://github.com/markan/envy",
       {ref,"0148fb4b7ed0e188511578e98b42d6e7dde0ebd1"}},
  0},
 {<<"eper">>,
  {git,"https://github.com/massemanet/eper",
       {ref,"17b0f97ea8287b72e8ebbe7132214db182ff1a1d"}},
  0},
 {<<"epgsql">>,
  {git,"https://github.com/chef/epgsql-1.git",
       {ref,"34b4182f0e21f9189ddd7b2e290f01a9e7d93bf1"}},
  1},
 {<<"erlcloud">>,
  {git,"https://github.com/chef/erlcloud",
       {branch,"lbaker/deps-scratch"}},
  0},
 {<<"erlware_commons">>,{pkg,<<"erlware_commons">>,<<"1.6.0">>},0},
 {<<"folsom">>,
  {git,"https://github.com/boundary/folsom",
       {ref,"38e2cce7c64ce1f0a3a918d90394cfc0a940b1ba"}},
  0},
 {<<"folsom_graphite">>,
  {git,"https://github.com/chef/folsom_graphite",
       {ref,"6898a51a6478767b45b9e568274c9ade7d71908d"}},
  0},
 {<<"fs">>,{pkg,<<"fs">>,<<"6.1.1">>},1},
 {<<"goldrush">>,{pkg,<<"goldrush">>,<<"0.1.9">>},1},
 {<<"ibrowse">>,
  {git,"https://github.com/chef/ibrowse",
       {ref,"d541f7190894734e2b69f4763c3664fb4d6bb9db"}},
  0},
 {<<"jiffy">>,
  {git,"https://github.com/davisp/jiffy",
       {ref,"9ea1b35b6e60ba21dfd4adbd18e7916a831fd7d4"}},
  0},
 {<<"jsx">>,{pkg,<<"jsx">>,<<"2.11.0">>},1},
 {<<"lager">>,
  {git,"https://github.com/erlang-lager/lager",
       {ref,"fb340d7bbdf67c653f6c7c6cc37fbbe4fc3781c0"}},
  0},
 {<<"lhttpc">>,
  {git,"https://github.com/erlcloud/lhttpc",
       {ref,"8e34985a3cd0ac2a7fc2a88a041554c64d33e74b"}},
  1},
 {<<"meck">>,
  {git,"https://github.com/eproxus/meck",
       {ref,"cc47aab4b64a46a5409c1a93353d44a367b41454"}},
  1},
 {<<"mini_s3">>,
  {git,"https://github.com/chef/mini_s3",
       {ref,"e3d368bf2c9e0aff4743574cbc7d8c8472741957"}},
  0},
 {<<"mixer">>,
  {git,"https://github.com/inaka/mixer",
       {ref,"d5f58392be09f5823ab21aa3664d7be97e9aa3bc"}},
  0},
 {<<"mochiweb">>,
  {git,"https://github.com/mochi/mochiweb",
       {ref,"7c4d3110b1889a5d58eb4dda2b1ddbb5645df3e9"}},
  0},
 {<<"neotoma">>,
  {git,"https://github.com/seancribbs/neotoma",
       {ref,"760928ec8870da02eb11bccb501e2700925d06c6"}},
  0},
 {<<"observer_cli">>,
  {git,"https://github.com/zhongwencool/observer_cli",
       {ref,"c9aca6fe5df9a03ade08e9a312492b0d813226cb"}},
  0},
 {<<"opscoderl_folsom">>,
  {git,"https://github.com/chef/opscoderl_folsom",
       {ref,"d493429f895a904e9fd86d12a68f7075dfa8e227"}},
  0},
 {<<"opscoderl_httpc">>,
  {git,"https://github.com/chef/opscoderl_httpc",
       {ref,"3cdc661e55a48af321b7097941b9a03e8d7b113f"}},
  0},
 {<<"opscoderl_wm">>,
  {git,"https://github.com/chef/opscoderl_wm",
       {ref,"5436cc600db462226a5d2f3ed585ab39eaf20ee5"}},
  0},
 {<<"poolboy">>,{pkg,<<"poolboy">>,<<"1.5.2">>},1},
 {<<"pooler">>,
  {git,"https://github.com/chef/pooler",
       {ref,"681c355abaacc5487ddf41a84b9ed53151a765fe"}},
  0},
 {<<"prometheus">>,
  {git,"https://github.com/deadtrickster/prometheus.erl",
       {ref,"f8619006f945eeaeb1725206209ec89a1409575c"}},
  0},
 {<<"quickrand">>,
  {git,"https://github.com/okeuday/quickrand.git",
       {ref,"c7eca718faa0d52c097155263dea6c25067396f7"}},
  1},
 {<<"recon">>,{pkg,<<"recon">>,<<"2.5.1">>},1},
 {<<"sqerl">>,
  {git,"https://github.com/chef/sqerl",
       {ref,"ebbe4c20ab5cd21041229d22dd60a6b38aa2930c"}},
  0},
 {<<"stats_hero">>,
  {git,"https://github.com/chef/stats_hero",
       {ref,"4fbca5e2fcb4d464eab458025f7933f5c53f6330"}},
  0},
 {<<"sync">>,
  {git,"https://github.com/rustyio/sync",
       {ref,"3f0049e809ffe303ae2cd395217a025ce6e758ae"}},
  0},
 {<<"uuid">>,
  {git,"https://github.com/okeuday/uuid",
       {ref,"41c3725fe87a11f7d2e77463dcff72eb11fcdee0"}},
  0},
 {<<"webmachine">>,
  {git,"https://github.com/chef/webmachine",
       {ref,"1389b01a9fbc25d36aad8956e08d2d0db242625f"}},
  1}]}.
[
{pkg_hash,[
 {<<"base16">>, <<"283644E2B21BD5915ACB7178BED7851FB07C6E5749B8FAD68A53C501092176D9">>},
 {<<"eini">>, <<"FCC3CBD49BBDD9A1D9735C7365DAFFCD84481CCE81E6CB80537883AA44AC4895">>},
 {<<"erlware_commons">>, <<"E0DA62F91E65DEFAE28BB450DDC3C24E85ECB99B926F857CDC6ED8E7DD7076B4">>},
 {<<"fs">>, <<"9D147B944D60CFA48A349F12D06C8EE71128F610C90870BDF9A6773206452ED0">>},
 {<<"goldrush">>, <<"F06E5D5F1277DA5C413E84D5A2924174182FB108DABB39D5EC548B27424CD106">>},
 {<<"jsx">>, <<"08154624050333919B4AC1B789667D5F4DB166DC50E190C4D778D1587F102EE0">>},
 {<<"poolboy">>, <<"392B007A1693A64540CEAD79830443ABF5762F5D30CF50BC95CB2C1AAAFA006B">>},
 {<<"recon">>, <<"430FFA60685AC1EFDFB1FE4C97B8767C92D0D92E6E7C3E8621559BA77598678A">>}]},
{pkg_hash_ext,[
 {<<"base16">>, <<"02AFD0827E61A7B07093873E063575CA3A2B07520567C7F8CEC7C5D42F052D76">>},
 {<<"eini">>, <<"DA64AE8DB7C2F502E6F20CDF44CD3D9BE364412B87FF49FEBF282540F673DFCB">>},
 {<<"erlware_commons">>, <<"B57C299C39A2992A8C413F9D2C1B8A20061310FB4432B0EEE5E4C4DF7AAA0AA3">>},
 {<<"fs">>, <<"EF94E95FFE79916860649FED80AC62B04C322B0BB70F5128144C026B4D171F8B">>},
 {<<"goldrush">>, <<"99CB4128CFFCB3227581E5D4D803D5413FA643F4EB96523F77D9E6937D994CEB">>},
 {<<"jsx">>, <<"EED26A0D04D217F9EECEFFFB89714452556CF90EB38F290A27A4D45B9988F8C0">>},
 {<<"poolboy">>, <<"DAD79704CE5440F3D5A3681C8590B9DC25D1A561E8F5A9C995281012860901E3">>},
 {<<"recon">>, <<"5721C6B6D50122D8F68CCCAC712CAA1231F97894BAB779EFF5FF0F886CB44648">>}]}
].
