[{<<"goldrush">>,
  {git,"git://github.com/DeadZen/goldrush.git",
       {ref,"71e63212f12c25827e0c1b4198d37d5d018a7fec"}},
  1},
 {<<"ibrowse">>,
  {git,"git://github.com/opscode/ibrowse.git",
       {ref,"8f3f6a3a30730b193cc340a8885a960586dc98de"}},
  1},
 {<<"opscoderl_httpc">>,
  {git,"https://github.com/chef/opscoderl_httpc",
       {ref,"41a0cb853f4273be394eb952c9eb4eae2d3f00d4"}},
  0},
 {<<"pooler">>,
  {git,"git://github.com/seth/pooler.git",
       {ref,"521f568bf9a2ccbe7c7e0fc23f24cd06ec559b79"}},
  0}].
