[
 %% these apps are not present in the rebar.conf so
 %% commenting out for now to see what happens.
%{<<"goldrush">>,
% {git,"git://github.com/DeadZen/goldrush.git",
%      {ref,"57e71f2789632a085f0963e1244644fdcb1941b9"}},
% 1},
%{<<"ibrowse">>,
% {git,"git://github.com/chef/ibrowse.git",
%      {ref,"7b2b0bfd5e15e57706beb2ef0360cdc7f24b37c5"}},
% 1},
 {<<"lager">>,
  {git,"git://github.com/basho/lager.git",
       {ref,"81eaef0ce98fdbf64ab95665e3bc2ec4b24c7dac"}},
  0},
 {<<"opscoderl_httpc">>,
  {git,"git://github.com/chef/opscoderl_httpc.git",
       {ref,"d9578f44726ca69af5bdadaa602756692d3b1460"}},
  0},
 {<<"pooler">>,
  {git,"git://github.com/seth/pooler.git",
       {ref,"9c28fb479f9329e2a1644565a632bc222780f1b7"}},
  0}].
