[{<<"envy">>,
  {git,"https://github.com/markan/envy",
       {ref,"8ba233bae37d87c319f3b4c5ae6973576986b36c"}},
  0},
 {<<"eper">>,
  {git,"https://github.com/massemanet/eper",
       {ref,"43e0442863df9f713a5c88c9b43062b806d96adb"}},
  0},
 {<<"epgsql">>,
  {git,"git://github.com/chef/epgsql-1.git",
       {ref,"89d4ff4b1c1edf8995432d1633fb5458eb156a46"}},
  1},
 {<<"erlsom">>,
  {git,"https://github.com/chef/erlsom",
       {ref,"c5ca9fca1257f563d78b048e35ac60832ec80584"}},
  0},
 {<<"erlware_commons">>,
  {git,"https://github.com/erlware/erlware_commons",
       {ref,"03f76c6ef2e854a11a62c3a1992f047ab0a0a69e"}},
  0},
 {<<"goldrush">>,
  {git,"git://github.com/DeadZen/goldrush.git",
       {ref,"71e63212f12c25827e0c1b4198d37d5d018a7fec"}},
  1},
 {<<"ibrowse">>,
  {git,"git://github.com/opscode/ibrowse",
       {ref,"8f3f6a3a30730b193cc340a8885a960586dc98de"}},
  1},
 {<<"iso8601">>,
  {git,"https://github.com/chef/erlang_iso8601",
       {ref,"25675e1df8b2bade1fb539cd9a913d61b90468dd"}},
  0},
 {<<"lager">>,
  {git,"https://github.com/basho/lager",
       {ref,"d33ccf3b69de09a628fe38b4d7981bb8671b8a4f"}},
  0},
 {<<"meck">>,
  {git,"https://github.com/eproxus/meck.git",
       {ref,"17b0ea5b7d9c93af3a52b5152c6bee14302b3885"}},
  0},
 {<<"mini_s3">>,
  {git,"https://github.com/chef/mini_s3",
       {ref,"1cf296868077caefa6791f4996145a369c49091b"}},
  0},
 {<<"mixer">>,
  {git,"https://github.com/chef/mixer",
       {ref,"58ded93d5c47675899d8e5e1589270f340ea66c5"}},
  0},
 {<<"mochiweb">>,{pkg,<<"mochiweb">>,<<"2.12.2">>},2},
 {<<"opscoderl_wm">>,
  {git,"https://github.com/chef/opscoderl_wm.git",
       {ref,"398065057df06ad55b998b910e2238d4b96123f3"}},
  0},
 {<<"pooler">>,
  {git,"git://github.com/seth/pooler.git",
       {ref,"b6c522a67a1d067122705ef725535a8664dd8514"}},
  1},
 {<<"rebar_vsn_plugin">>,
  {git,"https://github.com/erlware/rebar_vsn_plugin.git",
       {ref,"fd40c960c7912193631d948fe962e1162a8d1334"}},
  1},
 {<<"sqerl">>,
  {git,"https://github.com/chef/sqerl",
       {ref,"7e40908af7010b70212320e3d410dff31edfc7f9"}},
  0},
 {<<"sync">>,
  {git,"https://github.com/rustyio/sync",
       {ref,"9c78e7b4fe28c75d18ad6971585a204b96e47db1"}},
  0},
 {<<"webmachine">>,
  {git,"git://github.com/webmachine/webmachine",
       {ref,"6264af84199fbf5ecc7555caa2408b9ae1ea3d7f"}},
  1}].
