{"1.1.0",
[{<<"cf">>,{pkg,<<"cf">>,<<"0.2.1">>},1},
 {<<"envy">>,
  {git,"https://github.com/markan/envy",
       {ref,"0148fb4b7ed0e188511578e98b42d6e7dde0ebd1"}},
  0},
 {<<"eper">>,
  {git,"https://github.com/massemanet/eper",
       {ref,"805a58728a3258e78de7ae732397ffc74c91423c"}},
  0},
 {<<"epgsql">>,
  {git,"git://github.com/chef/epgsql-1.git",
       {ref,"89d4ff4b1c1edf8995432d1633fb5458eb156a46"}},
  1},
 {<<"erlsom">>,
  {git,"https://github.com/chef/erlsom",
       {ref,"c5ca9fca1257f563d78b048e35ac60832ec80584"}},
  0},
 {<<"erlware_commons">>,
  {git,"https://github.com/erlware/erlware_commons",
       {ref,"db88b093d26f631a45eb828ed3578f7b9bb8183c"}},
  0},
 {<<"goldrush">>,
  {git,"git://github.com/DeadZen/goldrush.git",
       {ref,"71e63212f12c25827e0c1b4198d37d5d018a7fec"}},
  1},
 {<<"ibrowse">>,
  {git,"git://github.com/opscode/ibrowse",
       {ref,"8f3f6a3a30730b193cc340a8885a960586dc98de"}},
  1},
 {<<"iso8601">>,
  {git,"https://github.com/chef/erlang_iso8601",
       {ref,"25675e1df8b2bade1fb539cd9a913d61b90468dd"}},
  0},
 {<<"lager">>,
  {git,"https://github.com/basho/lager",
       {ref,"d33ccf3b69de09a628fe38b4d7981bb8671b8a4f"}},
  0},
 {<<"meck">>,
  {git,"https://github.com/eproxus/meck.git",
       {ref,"c772db17a7c94e75d20688197f61538d63fe2ae9"}},
  0},
 {<<"mini_s3">>,
  {git,"https://github.com/chef/mini_s3",
       {ref,"fe4f9afe097497a1d8ee47bc2021d4a6bc3025e7"}},
  0},
 {<<"mixer">>,
  {git,"https://github.com/chef/mixer",
       {ref,"0d1322433e7e2237eb1270dc5a028fa014335134"}},
  0},
 {<<"mochiweb">>,{pkg,<<"mochiweb">>,<<"2.12.2">>},2},
 {<<"opscoderl_wm">>,
  {git,"https://github.com/chef/opscoderl_wm.git",
       {ref,"398065057df06ad55b998b910e2238d4b96123f3"}},
  0},
 {<<"pooler">>,
  {git,"git://github.com/seth/pooler.git",
       {ref,"b6c522a67a1d067122705ef725535a8664dd8514"}},
  1},
 {<<"sqerl">>,
  {git,"https://github.com/chef/sqerl",
       {ref,"7e40908af7010b70212320e3d410dff31edfc7f9"}},
  0},
 {<<"sync">>,
  {git,"https://github.com/rustyio/sync",
       {ref,"20846b02126846d69f1f4b2d00fcad580ef5c0d0"}},
  0},
 {<<"webmachine">>,
  {git,"git://github.com/webmachine/webmachine",
       {ref,"6c4265808d8d307d76f28483f5eaada7d261ea18"}},
  1}]}.
[
{pkg_hash,[
 {<<"cf">>, <<"69D0B1349FD4D7D4DC55B7F407D29D7A840BF9A1EF5AF529F1EBE0CE153FC2AB">>},
 {<<"mochiweb">>, <<"80804AD342AFA3D7F3524040D4EED66CE74B17A555DE454AC85B07C479928E46">>}]}
].
