{"1.1.0",
[{<<"base16">>,{pkg,<<"base16">>,<<"1.0.0">>},1},
 {<<"cf">>,
  {git,"git://github.com/project-fifo/cf.git",
       {ref,"2bcf00402db9ca5a4790de7f82c8139baaf8856c"}},
  0},
 {<<"chef_secrets">>,
  {git,"git://github.com/chef/chef_secrets.git",
       {ref,"58373899212a23e4f37070aaa6d3a751b1281492"}},
  0},
 {<<"eini">>,{pkg,<<"eini">>,<<"1.2.6">>},1},
 {<<"ej">>,
  {git,"https://github.com/seth/ej.git",
       {ref,"40821f7ab3d8746e8573e8542ad452d2b346ed7f"}},
  1},
 {<<"envy">>,
  {git,"git://github.com/markan/envy.git",
       {ref,"0148fb4b7ed0e188511578e98b42d6e7dde0ebd1"}},
  0},
 {<<"eper">>,
  {git,"git://github.com/massemanet/eper.git",
       {ref,"17b0f97ea8287b72e8ebbe7132214db182ff1a1d"}},
  0},
 {<<"epgsql">>,
  {git,"git://github.com/chef/epgsql-1.git",
       {ref,"34b4182f0e21f9189ddd7b2e290f01a9e7d93bf1"}},
  1},
 {<<"erlcloud">>,
  {git,"git://github.com/lbakerchef/erlcloud.git",
       {ref,"72840a89e7a83ee685fa5b0942d47d82d8d50ae2"}},
  0},
 {<<"erlsom">>,
  {git,"git://github.com/chef/erlsom.git",
       {ref,"131e660ee39254a58b75075e07dfd742f445bfce"}},
  0},
 {<<"erlware_commons">>,
  {git,"https://github.com/chef/erlware_commons.git",
       {ref,"20c611d8c457edfc84a915cf1026f22980a83e00"}},
  0},
 {<<"goldrush">>,
  {git,"https://github.com/basho/goldrush.git",
       {ref,"8f1b715d36b650ec1e1f5612c00e28af6ab0de82"}},
  1},
 {<<"ibrowse">>,
  {git,"git://github.com/chef/ibrowse.git",
       {ref,"7b2b0bfd5e15e57706beb2ef0360cdc7f24b37c5"}},
  1},
 {<<"iso8601">>,
  {git,"git://github.com/erlsci/iso8601.git",
       {ref,"4603fc810cacf859761c0e154590cde2ce9cc6b5"}},
  0},
 {<<"jiffy">>,
  {git,"https://github.com/davisp/jiffy.git",
       {ref,"ee8b48cb448a999e1fddbb5e2e32e7dfe33acf5c"}},
  1},
 {<<"jsx">>,{pkg,<<"jsx">>,<<"2.9.0">>},1},
 {<<"lager">>,
  {git,"git://github.com/basho/lager.git",
       {ref,"81eaef0ce98fdbf64ab95665e3bc2ec4b24c7dac"}},
  0},
 {<<"lhttpc">>,{pkg,<<"lhttpc">>,<<"1.6.2">>},1},
 {<<"meck">>,
  {git,"git://github.com/eproxus/meck.git",
       {ref,"70d6a33ce7407029dc59e22a5b3c1c61c1348b23"}},
  0},
 {<<"mini_s3">>,
  {git,"git://github.com/chef/mini_s3.git",
       {ref,"603cf56bd90e2b111faf8c44dc5e1e2b3f36f627"}},
  0},
 {<<"mixer">>,
  {git,"git://github.com/chef/mixer.git",
       {ref,"58ded93d5c47675899d8e5e1589270f340ea66c5"}},
  0},
 {<<"mochiweb">>,
  {git,"git://github.com/mochi/mochiweb.git",
       {ref,"c3fb6aed018d47a9c313daa966657a157d88dbc6"}},
  0},
 {<<"observer_cli">>,
  {git,"git://github.com/zhongwencool/observer_cli.git",
       {ref,"14faec950d73a9b96d3cfd708cc4b22ce823693e"}},
  0},
 {<<"opscoderl_wm">>,
  {git,"git://github.com/chef/opscoderl_wm.git",
       {ref,"572d968f7f9f9f49fe155efa7e46dbfc78383ead"}},
  0},
 {<<"pooler">>,
  {git,"git://github.com/seth/pooler.git",
       {ref,"9c28fb479f9329e2a1644565a632bc222780f1b7"}},
  1},
 {<<"recon">>,{pkg,<<"recon">>,<<"2.5.0">>},1},
 {<<"sqerl">>,
  {git,"git://github.com/chef/sqerl.git",
       {ref,"80800bf4304156783b0cf9e65f92e1a2367b79c3"}},
  0},
 {<<"sync">>,
  {git,"git://github.com/rustyio/sync.git",
       {ref,"d7ded2d221fb542b3417cffe77163206613daacb"}},
  0},
 {<<"webmachine">>,
  {git,"git://github.com/chef/webmachine",
       {ref,"9e19ed96bbdd5890b244ce57f9cad76955b99c4a"}},
  1}]}.
[
{pkg_hash,[
 {<<"base16">>, <<"283644E2B21BD5915ACB7178BED7851FB07C6E5749B8FAD68A53C501092176D9">>},
 {<<"eini">>, <<"DFFA48476FD89FB6E41CEEA0ADFA1BC6E7862CCD6584417442F8BB37E5D34715">>},
 {<<"jsx">>, <<"D2F6E5F069C00266CAD52FB15D87C428579EA4D7D73A33669E12679E203329DD">>},
 {<<"lhttpc">>, <<"044F16F0018C7AA7E945E9E9406C7F6035E0B8BC08BF77B00C78CE260E1071E3">>},
 {<<"recon">>, <<"2F7FCBEC2C35034BADE2F9717F77059DC54EB4E929A3049CA7BA6775C0BD66CD">>}]}
].
